{
	"_OFProjectGeneratorVersion": "ofGen v0.3.8",
	"archiveVersion": "1",
	"classes": {},
	"objectVersion": "54",
	"objects": {
		"005C323A-57F3-493B-8BE5-CB14F4A3272D": {
			"fileEncoding": "4",
			"isa": "PBXFileReference",
			"name": "OscOutboundPacketStream.h",
			"path": "OscOutboundPacketStream.h",
			"sourceTree": "<group>"
		},
		"00D917FE-27F1-46CC-B7A5-BDE5BEF46142": {
			"fileRef": "40CF010D-B503-44F9-8CAC-9B66BC2DCFDF",
			"isa": "PBXBuildFile"
		},
		"01815777-8389-4B85-9A88-5AC5FDA15806": {
			"fileRef": "5249DA0B-115D-4AE3-8258-5DA9A1B8F525",
			"isa": "PBXBuildFile"
		},
		"039A07FE2D53EA3200B8B21C": {
			"explicitFileType": "wrapper.application",
			"includeInIndex": "0",
			"isa": "PBXFileReference",
			"path": "MicroUISoftwareRemoteDebug.app",
			"sourceTree": "BUILT_PRODUCTS_DIR"
		},
		"04AEBFA2-AD97-405D-BFF0-E5618E00185B": {
			"fileEncoding": "4",
			"isa": "PBXFileReference",
			"name": "feature3droom.h",
			"path": "feature3droom.h",
			"sourceTree": "<group>"
		},
		"05E338BC-4F65-4A32-BC59-D45BE425C997": {
			"fileEncoding": "4",
			"isa": "PBXFileReference",
			"name": "OscHostEndianness.h",
			"path": "OscHostEndianness.h",
			"sourceTree": "<group>"
		},
		"062EE8CC-D089-4A8F-981E-7D88E7A7B916": {
			"fileEncoding": "4",
			"isa": "PBXFileReference",
			"name": "featureShaderSimple.h",
			"path": "featureShaderSimple.h",
			"sourceTree": "<group>"
		},
		"08C1FE18-8D2F-4ECE-8B2B-E87F5B301A18": {
			"fileEncoding": "4",
			"isa": "PBXFileReference",
			"name": "OscPrintReceivedElements.h",
			"path": "OscPrintReceivedElements.h",
			"sourceTree": "<group>"
		},
		"090B7638-5ECC-4C83-8B64-099101D2567F": {
			"fileEncoding": "4",
			"isa": "PBXFileReference",
			"name": "featureBloom.h",
			"path": "featureBloom.h",
			"sourceTree": "<group>"
		},
		"0A726BBB-FB10-4C12-B4DA-554F7160BC67": {
			"fileEncoding": "4",
			"isa": "PBXFileReference",
			"name": "featureCamLight.h",
			"path": "featureCamLight.h",
			"sourceTree": "<group>"
		},
		"0B390538-7041-48CD-BB61-3E06AF9C6372": {
			"fileRef": "E79DAA90-918D-44E2-977C-8A43CC06E385",
			"isa": "PBXBuildFile"
		},
		"0BF4CB18-DBC3-4146-A0DA-9355E620B654": {
			"fileEncoding": "4",
			"isa": "PBXFileReference",
			"name": "ofxMicroUIElements.h",
			"path": "ofxMicroUIElements.h",
			"sourceTree": "<group>"
		},
		"10B72B06-326A-46E8-B994-D041B087F03D": {
			"fileEncoding": "4",
			"isa": "PBXFileReference",
			"name": "OscReceivedElements.cpp",
			"path": "OscReceivedElements.cpp",
			"sourceTree": "<group>"
		},
		"13BCF6C5-AE64-47F2-A2C8-FF9969EFF93A": {
			"fileEncoding": "4",
			"isa": "PBXFileReference",
			"name": "feature.h",
			"path": "feature.h",
			"sourceTree": "<group>"
		},
		"1681851B-F77B-461E-B407-61BACA69BDCE": {
			"fileEncoding": "4",
			"isa": "PBXFileReference",
			"name": "3droomObjeto1.h",
			"path": "3droomObjeto1.h",
			"sourceTree": "<group>"
		},
		"1685FEE9-B035-4AB2-B50D-91DAC2D75679": {
			"fileEncoding": "4",
			"isa": "PBXFileReference",
			"name": "PickersNF.h",
			"path": "PickersNF.h",
			"sourceTree": "<group>"
		},
		"1852E031-24BF-42B1-8D9B-68DA3460B24E": {
			"fileEncoding": "4",
			"isa": "PBXFileReference",
			"name": "featureAll.h",
			"path": "featureAll.h",
			"sourceTree": "<group>"
		},
		"191CD6FA2847E21E0085CBB6": {
			"fileEncoding": "4",
			"isa": "PBXFileReference",
			"lastKnownFileType": "text.plist.entitlements",
			"path": "of.entitlements",
			"sourceTree": "<group>"
		},
		"191EF70929D778A400F35F26": {
			"isa": "PBXFileReference",
			"lastKnownFileType": "folder",
			"name": "openFrameworks",
			"path": "../../../libs/openFrameworks",
			"sourceTree": "SOURCE_ROOT"
		},
		"19B789C429E5AB4A0082E9B8": {
			"alwaysOutOfDate": "1",
			"buildActionMask": "2147483647",
			"files": [],
			"inputFileListPaths": [],
			"inputPaths": [],
			"isa": "PBXShellScriptBuildPhase",
			"outputFileListPaths": [],
			"outputPaths": [],
			"runOnlyForDeploymentPostprocessing": "0",
			"shellPath": "/bin/sh",
			"shellScript": "\"$OF_PATH/scripts/macos/xcode_project.sh\"\n",
			"showEnvVarsInLog": "0"
		},
		"1C2C98A1-D8E3-4947-8743-201F03C915C2": {
			"fileRef": "DEDA64B3-FF1E-42EC-9DC2-365817054349",
			"isa": "PBXBuildFile"
		},
		"1CB7D94E-758D-4521-9113-A22A0B2C902D": {
			"fileEncoding": "4",
			"isa": "PBXFileReference",
			"name": "featureBloom.cpp",
			"path": "featureBloom.cpp",
			"sourceTree": "<group>"
		},
		"1E4B238D-C28E-4983-9954-932FF81264F4": {
			"fileEncoding": "4",
			"isa": "PBXFileReference",
			"name": "featureShaderSimple.cpp",
			"path": "featureShaderSimple.cpp",
			"sourceTree": "<group>"
		},
		"1FAAA239-CDE4-4C01-87AF-1D1F9F65231A": {
			"fileEncoding": "4",
			"isa": "PBXFileReference",
			"name": "ofxOscBundle.h",
			"path": "ofxOscBundle.h",
			"sourceTree": "<group>"
		},
		"1FBA66E3-F615-4628-9580-B25CC57C1365": {
			"fileEncoding": "4",
			"isa": "PBXFileReference",
			"name": "ofxOscMessage.h",
			"path": "ofxOscMessage.h",
			"sourceTree": "<group>"
		},
		"225B4BD6-3513-40FA-AD6E-764F06C5F051": {
			"fileEncoding": "4",
			"isa": "PBXFileReference",
			"name": "feature.cpp",
			"path": "feature.cpp",
			"sourceTree": "<group>"
		},
		"2759A6F8-40BA-4831-AA34-4E849E36A972": {
			"fileRef": "69668282-AFC0-42E2-8272-AA8C0E05964D",
			"isa": "PBXBuildFile"
		},
		"28B2BC33-B97B-4D2F-AAAE-EEE191828908": {
			"fileRef": "63FC602D-4EE3-4359-A222-63023D868B3E",
			"isa": "PBXBuildFile"
		},
		"29A3CE3E-3F9F-46AD-BFAC-7D99D11645C8": {
			"fileEncoding": "4",
			"isa": "PBXFileReference",
			"name": "surfaces2.h",
			"path": "surfaces2.h",
			"sourceTree": "<group>"
		},
		"2A636945-A562-4279-965A-37462C5ABE4C": {
			"fileRef": "A9851C58-8B02-43DD-AC62-B24EA7F49095",
			"isa": "PBXBuildFile"
		},
		"2A7C7563-4EE8-419E-ADC5-A2740C1B7E6B": {
			"children": [
				"DEDA64B3-FF1E-42EC-9DC2-365817054349",
				"3BBD620C-B37F-4E17-B704-C4AE1106DA13",
				"60E2CDC9-1798-43FB-9436-5D2295F30860",
				"D7EA5843-F314-4370-8B80-BCA684A5A7AB",
				"E79DAA90-918D-44E2-977C-8A43CC06E385",
				"D1AEBDEB-4DC5-4979-876F-E54897A044E5",
				"E8564A49-3B1F-40C0-AA90-EE9F01630183",
				"1FAAA239-CDE4-4C01-87AF-1D1F9F65231A",
				"1FBA66E3-F615-4628-9580-B25CC57C1365",
				"873823A5-20C7-49B1-AC97-8D37343C0ECA",
				"D6DC1ACA-9A9C-4F48-87F7-D77CC16D5E1B",
				"7C6E5692-5A53-4CFF-8140-5C800A8AD99A"
			],
			"isa": "PBXGroup",
			"name": "src",
			"path": "src",
			"sourceTree": "<group>"
		},
		"2D344BFC-DA88-49B1-96F4-32807B4865C6": {
			"fileRef": "A6EABAA9-BC9F-435E-978A-1AC94A6156CF",
			"isa": "PBXBuildFile"
		},
		"2D77363D-FC54-42DC-9E17-788D1013BA81": {
			"fileEncoding": "4",
			"isa": "PBXFileReference",
			"name": "ofxMicroUI.h",
			"path": "ofxMicroUI.h",
			"sourceTree": "<group>"
		},
		"2E048949-D590-4FDF-94ED-12FB8EC655B7": {
			"children": [
				"547FF0C3-3467-41F2-AD3D-FABAFEF51EBE",
				"69668282-AFC0-42E2-8272-AA8C0E05964D"
			],
			"isa": "PBXGroup",
			"name": "posix",
			"path": "posix",
			"sourceTree": "<group>"
		},
		"2E7D4E59-A44A-4333-96BA-8F00D72A183C": {
			"fileEncoding": "4",
			"isa": "PBXFileReference",
			"name": "surfaces.h",
			"path": "surfaces.h",
			"sourceTree": "<group>"
		},
		"32931B14-72D1-4D66-B59C-BE9D5B7CB1F3": {
			"fileRef": "60E2CDC9-1798-43FB-9436-5D2295F30860",
			"isa": "PBXBuildFile"
		},
		"3603A78F-24B6-4B50-8C60-36962544B1D8": {
			"fileEncoding": "4",
			"isa": "PBXFileReference",
			"name": "featureCapture.h",
			"path": "featureCapture.h",
			"sourceTree": "<group>"
		},
		"38ED9775-666A-424E-A0D9-C7E5B3DF055C": {
			"children": [
				"BBC29987-9778-406E-B2D3-0C284DB612DE",
				"2A7C7563-4EE8-419E-ADC5-A2740C1B7E6B"
			],
			"isa": "PBXGroup",
			"name": "ofxOsc",
			"path": "ofxOsc",
			"sourceTree": "<group>"
		},
		"3BBD620C-B37F-4E17-B704-C4AE1106DA13": {
			"fileEncoding": "4",
			"isa": "PBXFileReference",
			"name": "ofxOscMessage.cpp",
			"path": "ofxOscMessage.cpp",
			"sourceTree": "<group>"
		},
		"3CB2C96F-528E-4096-AF01-4C469CB2D629": {
			"fileRef": "7F4C2A15-FF11-4876-8B20-534A2632BD3D",
			"isa": "PBXBuildFile"
		},
		"3CF8EFFD-1B44-486F-86E0-EC95CB722B32": {
			"fileEncoding": "4",
			"isa": "PBXFileReference",
			"name": "featureFFT.cpp",
			"path": "featureFFT.cpp",
			"sourceTree": "<group>"
		},
		"401D20BE-0B47-478B-9A56-47132878300A": {
			"fileEncoding": "4",
			"isa": "PBXFileReference",
			"name": "surfaces2024.h",
			"path": "surfaces2024.h",
			"sourceTree": "<group>"
		},
		"40CF010D-B503-44F9-8CAC-9B66BC2DCFDF": {
			"fileEncoding": "4",
			"isa": "PBXFileReference",
			"name": "IpEndpointName.cpp",
			"path": "IpEndpointName.cpp",
			"sourceTree": "<group>"
		},
		"4365FD51-4F56-4CD1-9AE0-0DD60BD047A4": {
			"fileRef": "C0C54581-CE82-4802-BE6F-22D0DE53E88F",
			"isa": "PBXBuildFile"
		},
		"4438958B-69AA-490D-96AA-EE694816384F": {
			"fileRef": "EE096413-8071-44E2-9FB8-682102E153D2",
			"isa": "PBXBuildFile"
		},
		"4CA4747D-03ED-4275-8FF9-59CF71B3BBB8": {
			"fileEncoding": "4",
			"isa": "PBXFileReference",
			"name": "surfaces2023.h",
			"path": "surfaces2023.h",
			"sourceTree": "<group>"
		},
		"4F3846D3-7A87-47C5-9939-4E2B8D05D768": {
			"fileEncoding": "4",
			"isa": "PBXFileReference",
			"name": "featureAutoPilot.h",
			"path": "featureAutoPilot.h",
			"sourceTree": "<group>"
		},
		"50A640F8-48CD-4974-92B8-2FDDFB2404A9": {
			"fileRef": "D7EA5843-F314-4370-8B80-BCA684A5A7AB",
			"isa": "PBXBuildFile"
		},
		"50BA8C6E-A75A-40C6-ADF6-E69ED0ED18C6": {
			"children": [
				"40CF010D-B503-44F9-8CAC-9B66BC2DCFDF",
				"2E048949-D590-4FDF-94ED-12FB8EC655B7",
				"AB4C725A-2CB5-4E06-8382-21D1572D96D8",
				"B8E3310E-9CD7-45F7-B8A8-3A1E65E867FD",
				"E8EBD62E-0EE3-4566-BC73-7E51021A945E",
				"9172FBEF-63EF-4B84-B2C4-BA9607C45A1C",
				"526B6E2E-A60A-46E9-B938-ABB3A162E3EB"
			],
			"isa": "PBXGroup",
			"name": "ip",
			"path": "ip",
			"sourceTree": "<group>"
		},
		"5101D3D7-FB14-4B76-A6D5-59B53BD1C27B": {
			"fileEncoding": "4",
			"isa": "PBXFileReference",
			"name": "featureAutoma.h",
			"path": "featureAutoma.h",
			"sourceTree": "<group>"
		},
		"5249DA0B-115D-4AE3-8258-5DA9A1B8F525": {
			"fileEncoding": "4",
			"isa": "PBXFileReference",
			"name": "fft.cpp",
			"path": "fft.cpp",
			"sourceTree": "<group>"
		},
		"526B6E2E-A60A-46E9-B938-ABB3A162E3EB": {
			"fileEncoding": "4",
			"isa": "PBXFileReference",
			"name": "UdpSocket.h",
			"path": "UdpSocket.h",
			"sourceTree": "<group>"
		},
		"53E66360-4CEA-4B97-BBA2-0C1496EA59FA": {
			"children": [
				"BB39C272-EB9C-47E1-B1AA-629B4C3BC127",
				"89431FC0-16D0-4719-A4C1-20C92D0DCEC9",
				"E622C621-2CB4-4B2E-ABA6-F0694CFBEDD6"
			],
			"isa": "PBXGroup",
			"name": "src",
			"path": "src",
			"sourceTree": "<group>"
		},
		"541C5C1D-EB75-4557-85B8-E94FAC7CD213": {
			"fileEncoding": "4",
			"isa": "PBXFileReference",
			"name": "art.h",
			"path": "art.h",
			"sourceTree": "<group>"
		},
		"547FF0C3-3467-41F2-AD3D-FABAFEF51EBE": {
			"fileEncoding": "4",
			"isa": "PBXFileReference",
			"name": "NetworkingUtils.cpp",
			"path": "NetworkingUtils.cpp",
			"sourceTree": "<group>"
		},
		"54C7C160-46E6-4F6F-AB2C-FF085767E339": {
			"children": [
				"5249DA0B-115D-4AE3-8258-5DA9A1B8F525",
				"7984AF1D-E742-44DB-9C33-86FB7BE028D3",
				"78F6E136-A869-4272-9D5B-B70B9B1D54B4",
				"CCF4E2E4-1A79-40D3-9004-99A8300D9BAA"
			],
			"isa": "PBXGroup",
			"name": "fft",
			"path": "fft",
			"sourceTree": "<group>"
		},
		"5B1F6EB8-4A9D-4A63-BB57-D972627D67AD": {
			"fileRef": "A297E0A9-8082-4097-B400-674266B70FFE",
			"isa": "PBXBuildFile"
		},
		"5D4871BF-FFEB-451E-A233-6B435E1EAEE1": {
			"fileEncoding": "4",
			"isa": "PBXFileReference",
			"name": "ofxMicroUI.cpp",
			"path": "ofxMicroUI.cpp",
			"sourceTree": "<group>"
		},
		"60E2CDC9-1798-43FB-9436-5D2295F30860": {
			"fileEncoding": "4",
			"isa": "PBXFileReference",
			"name": "ofxOscParameterSync.cpp",
			"path": "ofxOscParameterSync.cpp",
			"sourceTree": "<group>"
		},
		"62AD8AA0-8578-41EE-B74D-447B7A51C2C4": {
			"fileRef": "10B72B06-326A-46E8-B994-D041B087F03D",
			"isa": "PBXBuildFile"
		},
		"63FC602D-4EE3-4359-A222-63023D868B3E": {
			"fileEncoding": "4",
			"isa": "PBXFileReference",
			"name": "OscTypes.cpp",
			"path": "OscTypes.cpp",
			"sourceTree": "<group>"
		},
		"647FC30E-2E75-475E-81A8-B43C71D50479": {
			"fileEncoding": "4",
			"isa": "PBXFileReference",
			"name": "surfaceBase.h",
			"path": "surfaceBase.h",
			"sourceTree": "<group>"
		},
		"69668282-AFC0-42E2-8272-AA8C0E05964D": {
			"fileEncoding": "4",
			"isa": "PBXFileReference",
			"name": "UdpSocket.cpp",
			"path": "UdpSocket.cpp",
			"sourceTree": "<group>"
		},
		"69C0E050-FC3E-4659-86D6-78F7297A36E0": {
			"fileEncoding": "4",
			"isa": "PBXFileReference",
			"name": "data",
			"path": "bin/data",
			"sourceTree": "SOURCE_ROOT"
		},
		"6BE1C150-04DA-4FA3-AA28-296A6A07BA54": {
			"fileEncoding": "4",
			"isa": "PBXFileReference",
			"name": "OscPacketListener.h",
			"path": "OscPacketListener.h",
			"sourceTree": "<group>"
		},
		"6C273518-F1ED-404C-8D68-AAD55973CD86": {
			"children": [
				"81918E8A-3F98-478B-A356-64CD4D36803C"
			],
			"isa": "PBXGroup",
			"name": "ofxMicroUI",
			"path": "ofxMicroUI",
			"sourceTree": "<group>"
		},
		"6E18638A-8394-4523-B865-08C7C6A3BC27": {
			"fileEncoding": "4",
			"isa": "PBXFileReference",
			"name": "MessageMappingOscPacketListener.h",
			"path": "MessageMappingOscPacketListener.h",
			"sourceTree": "<group>"
		},
		"704BD891-63B8-497B-AE74-8AFF3B7545F0": {
			"fileEncoding": "4",
			"isa": "PBXFileReference",
			"name": "ofxMicroUITools.h",
			"path": "ofxMicroUITools.h",
			"sourceTree": "<group>"
		},
		"734958A9-4842-4158-81E8-E9B69FD2170A": {
			"fileRef": "7984AF1D-E742-44DB-9C33-86FB7BE028D3",
			"isa": "PBXBuildFile"
		},
		"73D563F2-9146-4772-AA4F-DE8AB794DC72": {
			"fileEncoding": "4",
			"isa": "PBXFileReference",
			"name": "ofxMicroUIParseText.h",
			"path": "ofxMicroUIParseText.h",
			"sourceTree": "<group>"
		},
		"7602A8FB-597A-44C0-B5DA-463F15BDAC8D": {
			"fileEncoding": "4",
			"isa": "PBXFileReference",
			"name": "tiffFastWriter.h",
			"path": "tiffFastWriter.h",
			"sourceTree": "<group>"
		},
		"78F6E136-A869-4272-9D5B-B70B9B1D54B4": {
			"fileEncoding": "4",
			"isa": "PBXFileReference",
			"name": "fft.h",
			"path": "fft.h",
			"sourceTree": "<group>"
		},
		"7984AF1D-E742-44DB-9C33-86FB7BE028D3": {
			"fileEncoding": "4",
			"isa": "PBXFileReference",
			"name": "fftOctaveAnalyzer.cpp",
			"path": "fftOctaveAnalyzer.cpp",
			"sourceTree": "<group>"
		},
		"7C6E5692-5A53-4CFF-8140-5C800A8AD99A": {
			"fileEncoding": "4",
			"isa": "PBXFileReference",
			"name": "ofxOscSender.h",
			"path": "ofxOscSender.h",
			"sourceTree": "<group>"
		},
		"7DB193CD-DD04-4BCB-BC96-5E1F1B06114E": {
			"fileEncoding": "4",
			"isa": "PBXFileReference",
			"name": "Pickers.h",
			"path": "Pickers.h",
			"sourceTree": "<group>"
		},
		"7F4C2A15-FF11-4876-8B20-534A2632BD3D": {
			"fileEncoding": "4",
			"isa": "PBXFileReference",
			"name": "OscPrintReceivedElements.cpp",
			"path": "OscPrintReceivedElements.cpp",
			"sourceTree": "<group>"
		},
		"81918E8A-3F98-478B-A356-64CD4D36803C": {
			"children": [
				"5D4871BF-FFEB-451E-A233-6B435E1EAEE1",
				"A6EABAA9-BC9F-435E-978A-1AC94A6156CF",
				"EE096413-8071-44E2-9FB8-682102E153D2",
				"C0C54581-CE82-4802-BE6F-22D0DE53E88F",
				"B7C3E930-94FC-42A4-A88A-42E4B06D985B",
				"2D77363D-FC54-42DC-9E17-788D1013BA81",
				"0BF4CB18-DBC3-4146-A0DA-9355E620B654",
				"73D563F2-9146-4772-AA4F-DE8AB794DC72",
				"9B967CBC-FBD5-4A8B-9D1A-2AD13210B57D",
				"C468C2F8-3219-48BA-8B9F-6538A19ED4E5",
				"F4C2BCD6-23A1-468A-9954-C81C56C9AC51",
				"FD717344-2D5C-48B7-AA7F-E01E1B1BDA2B",
				"704BD891-63B8-497B-AE74-8AFF3B7545F0",
				"7602A8FB-597A-44C0-B5DA-463F15BDAC8D"
			],
			"isa": "PBXGroup",
			"name": "src",
			"path": "src",
			"sourceTree": "<group>"
		},
		"82323BA2-EE6F-400C-9A7B-52A6FE386DC3": {
			"fileEncoding": "4",
			"isa": "PBXFileReference",
			"name": "featureWebcam.h",
			"path": "featureWebcam.h",
			"sourceTree": "<group>"
		},
		"849900F7-030C-4A3B-A4BC-1CAA60685D26": {
			"fileEncoding": "4",
			"isa": "PBXFileReference",
			"name": "featureFFT.h",
			"path": "featureFFT.h",
			"sourceTree": "<group>"
		},
		"864F71B3-BEE9-4C81-8513-9E6C8D436B7B": {
			"fileEncoding": "4",
			"isa": "PBXFileReference",
			"name": "midia.h",
			"path": "midia.h",
			"sourceTree": "<group>"
		},
		"873823A5-20C7-49B1-AC97-8D37343C0ECA": {
			"fileEncoding": "4",
			"isa": "PBXFileReference",
			"name": "ofxOscParameterSync.h",
			"path": "ofxOscParameterSync.h",
			"sourceTree": "<group>"
		},
		"889E0A83-0B01-494C-B989-09F99863D98B": {
			"fileEncoding": "4",
			"isa": "PBXFileReference",
			"name": "featureCairo.h",
			"path": "featureCairo.h",
			"sourceTree": "<group>"
		},
		"89431FC0-16D0-4719-A4C1-20C92D0DCEC9": {
			"fileEncoding": "4",
			"isa": "PBXFileReference",
			"name": "ofApp.cpp",
			"path": "ofApp.cpp",
			"sourceTree": "<group>"
		},
		"8AC979F7-DA15-4A25-B2BA-ECC3749F12B2": {
			"fileEncoding": "4",
			"isa": "PBXFileReference",
			"name": "featureBloom1.h",
			"path": "featureBloom1.h",
			"sourceTree": "<group>"
		},
		"8F9DE2FB-D5BC-4CFA-9A7F-E68A1AB61025": {
			"fileEncoding": "4",
			"isa": "PBXFileReference",
			"name": "featureSyphonOut.h",
			"path": "featureSyphonOut.h",
			"sourceTree": "<group>"
		},
		"9172FBEF-63EF-4B84-B2C4-BA9607C45A1C": {
			"fileEncoding": "4",
			"isa": "PBXFileReference",
			"name": "TimerListener.h",
			"path": "TimerListener.h",
			"sourceTree": "<group>"
		},
		"92230433-C321-4DA2-A3FC-4313A86ACA50": {
			"fileEncoding": "4",
			"isa": "PBXFileReference",
			"name": "featureCamCurve.h",
			"path": "featureCamCurve.h",
			"sourceTree": "<group>"
		},
		"92D493F0-73A5-48BC-BD61-CED4A577CF09": {
			"children": [
				"50BA8C6E-A75A-40C6-ADF6-E69ED0ED18C6",
				"A43BC540-5267-46E4-AF29-2C1A20082881"
			],
			"isa": "PBXGroup",
			"name": "src",
			"path": "src",
			"sourceTree": "<group>"
		},
		"983AFE2C-46F9-4A14-B97C-1066C6DB4822": {
			"fileRef": "3BBD620C-B37F-4E17-B704-C4AE1106DA13",
			"isa": "PBXBuildFile"
		},
		"9B967CBC-FBD5-4A8B-9D1A-2AD13210B57D": {
			"fileEncoding": "4",
			"isa": "PBXFileReference",
			"name": "ofxMicroUIRemote.h",
			"path": "ofxMicroUIRemote.h",
			"sourceTree": "<group>"
		},
		"9FEAABE2-E322-49DB-AEBA-BA43B7BF6807": {
			"fileEncoding": "4",
			"isa": "PBXFileReference",
			"name": "feature3droom0.h",
			"path": "feature3droom0.h",
			"sourceTree": "<group>"
		},
		"A23A2B14-0F11-4BD2-9445-3231CC57867D": {
			"fileEncoding": "4",
			"isa": "PBXFileReference",
			"name": "featureSyphonIn.h",
			"path": "featureSyphonIn.h",
			"sourceTree": "<group>"
		},
		"A297E0A9-8082-4097-B400-674266B70FFE": {
			"fileEncoding": "4",
			"isa": "PBXFileReference",
			"name": "OscOutboundPacketStream.cpp",
			"path": "OscOutboundPacketStream.cpp",
			"sourceTree": "<group>"
		},
		"A43BC540-5267-46E4-AF29-2C1A20082881": {
			"children": [
				"A297E0A9-8082-4097-B400-674266B70FFE",
				"7F4C2A15-FF11-4876-8B20-534A2632BD3D",
				"10B72B06-326A-46E8-B994-D041B087F03D",
				"63FC602D-4EE3-4359-A222-63023D868B3E",
				"6E18638A-8394-4523-B865-08C7C6A3BC27",
				"EF6F3492-5B2A-4F55-BA2B-9BDFF1A039A1",
				"05E338BC-4F65-4A32-BC59-D45BE425C997",
				"005C323A-57F3-493B-8BE5-CB14F4A3272D",
				"6BE1C150-04DA-4FA3-AA28-296A6A07BA54",
				"08C1FE18-8D2F-4ECE-8B2B-E87F5B301A18",
				"C98AF5BB-D9EF-4233-B986-7ACA6E1B6415",
				"A44F2BB5-A765-4ED7-B340-57ABCC60FD1D"
			],
			"isa": "PBXGroup",
			"name": "osc",
			"path": "osc",
			"sourceTree": "<group>"
		},
		"A44F2BB5-A765-4ED7-B340-57ABCC60FD1D": {
			"fileEncoding": "4",
			"isa": "PBXFileReference",
			"name": "OscTypes.h",
			"path": "OscTypes.h",
			"sourceTree": "<group>"
		},
		"A6EABAA9-BC9F-435E-978A-1AC94A6156CF": {
			"fileEncoding": "4",
			"isa": "PBXFileReference",
			"name": "ofxMicroUIElements.cpp",
			"path": "ofxMicroUIElements.cpp",
			"sourceTree": "<group>"
		},
		"A7FDEBA9-D0CF-406D-8399-DAEDA69AFE56": {
			"children": [
				"225B4BD6-3513-40FA-AD6E-764F06C5F051",
				"1CB7D94E-758D-4521-9113-A22A0B2C902D",
				"A9851C58-8B02-43DD-AC62-B24EA7F49095",
				"3CF8EFFD-1B44-486F-86E0-EC95CB722B32",
				"DB39D884-9824-479A-9419-E98F6B32B4D6",
				"1E4B238D-C28E-4983-9954-932FF81264F4",
				"B82BF1FA-4D82-43D3-A33C-66BB0F932B86",
				"D6796852-D138-4FCC-852F-0B1442019CE3",
				"1681851B-F77B-461E-B407-61BACA69BDCE",
				"13BCF6C5-AE64-47F2-A2C8-FF9969EFF93A",
				"04AEBFA2-AD97-405D-BFF0-E5618E00185B",
				"9FEAABE2-E322-49DB-AEBA-BA43B7BF6807",
				"1852E031-24BF-42B1-8D9B-68DA3460B24E",
				"4F3846D3-7A87-47C5-9939-4E2B8D05D768",
				"5101D3D7-FB14-4B76-A6D5-59B53BD1C27B",
				"090B7638-5ECC-4C83-8B64-099101D2567F",
				"8AC979F7-DA15-4A25-B2BA-ECC3749F12B2",
				"A9405E89-1362-4964-AAEB-056C59BDB7A6",
				"889E0A83-0B01-494C-B989-09F99863D98B",
				"92230433-C321-4DA2-A3FC-4313A86ACA50",
				"0A726BBB-FB10-4C12-B4DA-554F7160BC67",
				"3603A78F-24B6-4B50-8C60-36962544B1D8",
				"849900F7-030C-4A3B-A4BC-1CAA60685D26",
				"EA63CB62-C478-459A-A946-F4380C3DFA78",
				"CF962E87-CFEF-465C-9D68-19EFC860067E",
				"EC7EBEFC-B942-46A1-91AE-5A999C0A3CB4",
				"062EE8CC-D089-4A8F-981E-7D88E7A7B916",
				"A23A2B14-0F11-4BD2-9445-3231CC57867D",
				"8F9DE2FB-D5BC-4CFA-9A7F-E68A1AB61025",
				"82323BA2-EE6F-400C-9A7B-52A6FE386DC3"
			],
			"isa": "PBXGroup",
			"name": "feature",
			"path": "feature",
			"sourceTree": "<group>"
		},
		"A9405E89-1362-4964-AAEB-056C59BDB7A6": {
			"fileEncoding": "4",
			"isa": "PBXFileReference",
			"name": "featureBpm.h",
			"path": "featureBpm.h",
			"sourceTree": "<group>"
		},
		"A9851C58-8B02-43DD-AC62-B24EA7F49095": {
			"fileEncoding": "4",
			"isa": "PBXFileReference",
			"name": "featureCamLight.cpp",
			"path": "featureCamLight.cpp",
			"sourceTree": "<group>"
		},
		"AB4C725A-2CB5-4E06-8382-21D1572D96D8": {
			"fileEncoding": "4",
			"isa": "PBXFileReference",
			"name": "IpEndpointName.h",
			"path": "IpEndpointName.h",
			"sourceTree": "<group>"
		},
		"B58940C0-EE71-4FD8-ACC9-ECFE39447541": {
			"fileRef": "BB39C272-EB9C-47E1-B1AA-629B4C3BC127",
			"isa": "PBXBuildFile"
		},
		"B7C3E930-94FC-42A4-A88A-42E4B06D985B": {
			"fileEncoding": "4",
			"isa": "PBXFileReference",
			"name": "incrementa.h",
			"path": "incrementa.h",
			"sourceTree": "<group>"
		},
		"B82BF1FA-4D82-43D3-A33C-66BB0F932B86": {
			"fileEncoding": "4",
			"isa": "PBXFileReference",
			"name": "3droomObjeto.h",
			"path": "3droomObjeto.h",
			"sourceTree": "<group>"
		},
		"B8E3310E-9CD7-45F7-B8A8-3A1E65E867FD": {
			"fileEncoding": "4",
			"isa": "PBXFileReference",
			"name": "NetworkingUtils.h",
			"path": "NetworkingUtils.h",
			"sourceTree": "<group>"
		},
		"BAC0E189-02E4-4CEF-BF6A-11C64AC06080": {
			"fileRef": "225B4BD6-3513-40FA-AD6E-764F06C5F051",
			"isa": "PBXBuildFile"
		},
		"BB39C272-EB9C-47E1-B1AA-629B4C3BC127": {
			"fileEncoding": "4",
			"isa": "PBXFileReference",
			"name": "main.cpp",
			"path": "main.cpp",
			"sourceTree": "<group>"
		},
		"BB4B014C10F69532006C3DED": {
			"children": [
				"6C273518-F1ED-404C-8D68-AAD55973CD86",
				"38ED9775-666A-424E-A0D9-C7E5B3DF055C",
				"C938B815-212E-49DD-831B-1D297D4A4EF9"
			],
			"isa": "PBXGroup",
			"name": "addons",
			"path": "../../../addons",
			"sourceTree": "SOURCE_ROOT"
		},
		"BBC29987-9778-406E-B2D3-0C284DB612DE": {
			"children": [
				"D29EC6AD-7DC9-41E0-A778-F4B061A0BE7A"
			],
			"isa": "PBXGroup",
			"name": "libs",
			"path": "libs",
			"sourceTree": "<group>"
		},
		"BF26640B2C634C16004360E2": {
			"alwaysOutOfDate": "1",
			"buildActionMask": "2147483647",
			"files": [],
			"inputFileListPaths": [],
			"inputPaths": [],
			"isa": "PBXShellScriptBuildPhase",
			"outputFileListPaths": [],
			"outputPaths": [],
			"runOnlyForDeploymentPostprocessing": "0",
			"shellPath": "/usr/bin/env bash",
			"shellScript": "",
			"showEnvVarsInLog": "0"
		},
		"C0C54581-CE82-4802-BE6F-22D0DE53E88F": {
			"fileEncoding": "4",
			"isa": "PBXFileReference",
			"name": "ofxMicroUISoftware.cpp",
			"path": "ofxMicroUISoftware.cpp",
			"sourceTree": "<group>"
		},
		"C45A2379-3980-4263-ADDD-9EA146C3E6CF": {
			"fileRef": "DB39D884-9824-479A-9419-E98F6B32B4D6",
			"isa": "PBXBuildFile"
		},
		"C468C2F8-3219-48BA-8B9F-6538A19ED4E5": {
			"fileEncoding": "4",
			"isa": "PBXFileReference",
			"name": "ofxMicroUISettings.h",
			"path": "ofxMicroUISettings.h",
			"sourceTree": "<group>"
		},
		"C938B815-212E-49DD-831B-1D297D4A4EF9": {
			"children": [
				"CABC9A4D-0A54-4301-BCE5-3661F6394CC5"
			],
			"isa": "PBXGroup",
			"name": "ofxTools",
			"path": "ofxTools",
			"sourceTree": "<group>"
		},
		"C98AF5BB-D9EF-4233-B986-7ACA6E1B6415": {
			"fileEncoding": "4",
			"isa": "PBXFileReference",
			"name": "OscReceivedElements.h",
			"path": "OscReceivedElements.h",
			"sourceTree": "<group>"
		},
		"CABC9A4D-0A54-4301-BCE5-3661F6394CC5": {
			"children": [
				"A7FDEBA9-D0CF-406D-8399-DAEDA69AFE56",
				"54C7C160-46E6-4F6F-AB2C-FF085767E339",
				"7DB193CD-DD04-4BCB-BC96-5E1F1B06114E",
				"1685FEE9-B035-4AB2-B50D-91DAC2D75679",
				"541C5C1D-EB75-4557-85B8-E94FAC7CD213",
				"E1DF6061-CCDB-4C54-AEA3-01D24DCB4A38",
				"F388EA3F-208F-440C-86CA-72BD8FB501D9",
				"FBFED11D-92C2-4F8B-9EF1-320913BB4E7B",
				"864F71B3-BEE9-4C81-8513-9E6C8D436B7B",
				"647FC30E-2E75-475E-81A8-B43C71D50479",
				"2E7D4E59-A44A-4333-96BA-8F00D72A183C",
				"29A3CE3E-3F9F-46AD-BFAC-7D99D11645C8",
				"4CA4747D-03ED-4275-8FF9-59CF71B3BBB8",
				"401D20BE-0B47-478B-9A56-47132878300A"
			],
			"isa": "PBXGroup",
			"name": "src",
			"path": "src",
			"sourceTree": "<group>"
		},
		"CCF4E2E4-1A79-40D3-9004-99A8300D9BAA": {
			"fileEncoding": "4",
			"isa": "PBXFileReference",
			"name": "fftOctaveAnalyzer.h",
			"path": "fftOctaveAnalyzer.h",
			"sourceTree": "<group>"
		},
		"CF962E87-CFEF-465C-9D68-19EFC860067E": {
			"fileEncoding": "4",
			"isa": "PBXFileReference",
			"name": "featureRecorte.h",
			"path": "featureRecorte.h",
			"sourceTree": "<group>"
		},
		"D1AEBDEB-4DC5-4979-876F-E54897A044E5": {
			"fileEncoding": "4",
			"isa": "PBXFileReference",
			"name": "ofxOsc.h",
			"path": "ofxOsc.h",
			"sourceTree": "<group>"
		},
		"D29EC6AD-7DC9-41E0-A778-F4B061A0BE7A": {
			"children": [
				"92D493F0-73A5-48BC-BD61-CED4A577CF09"
			],
			"isa": "PBXGroup",
			"name": "oscpack",
			"path": "oscpack",
			"sourceTree": "<group>"
		},
		"D6796852-D138-4FCC-852F-0B1442019CE3": {
			"fileEncoding": "4",
			"isa": "PBXFileReference",
			"name": "3droomObjeto0.h",
			"path": "3droomObjeto0.h",
			"sourceTree": "<group>"
		},
		"D6DC1ACA-9A9C-4F48-87F7-D77CC16D5E1B": {
			"fileEncoding": "4",
			"isa": "PBXFileReference",
			"name": "ofxOscReceiver.h",
			"path": "ofxOscReceiver.h",
			"sourceTree": "<group>"
		},
		"D7EA5843-F314-4370-8B80-BCA684A5A7AB": {
			"fileEncoding": "4",
			"isa": "PBXFileReference",
			"name": "ofxOscReceiver.cpp",
			"path": "ofxOscReceiver.cpp",
			"sourceTree": "<group>"
		},
		"DB39D884-9824-479A-9419-E98F6B32B4D6": {
			"fileEncoding": "4",
			"isa": "PBXFileReference",
			"name": "featureShader.cpp",
			"path": "featureShader.cpp",
			"sourceTree": "<group>"
		},
		"DE02B301-F909-4C43-897D-D8EC4CB81F96": {
			"fileRef": "1E4B238D-C28E-4983-9954-932FF81264F4",
			"isa": "PBXBuildFile"
		},
		"DEDA64B3-FF1E-42EC-9DC2-365817054349": {
			"fileEncoding": "4",
			"isa": "PBXFileReference",
			"name": "ofxOscBundle.cpp",
			"path": "ofxOscBundle.cpp",
			"sourceTree": "<group>"
		},
		"E1DF6061-CCDB-4C54-AEA3-01D24DCB4A38": {
			"fileEncoding": "4",
			"isa": "PBXFileReference",
			"name": "art2023.h",
			"path": "art2023.h",
			"sourceTree": "<group>"
		},
		"E42962A92163ECCD00A6A9E2": {
			"alwaysOutOfDate": "1",
			"buildActionMask": "2147483647",
			"files": [],
			"inputPaths": [],
			"isa": "PBXShellScriptBuildPhase",
			"name": "Run Script — Compile OF",
			"outputPaths": [],
			"runOnlyForDeploymentPostprocessing": "0",
			"shellPath": "/bin/sh",
			"shellScript": "$OF_CORE_BUILD_COMMAND\n",
			"showEnvVarsInLog": "0"
		},
		"E4A5B60F29BAAAE400C2D356": {
			"buildActionMask": "2147483647",
			"dstPath": "",
			"dstSubfolderSpec": "6",
			"files": [],
			"isa": "PBXCopyFilesBuildPhase",
			"runOnlyForDeploymentPostprocessing": "0"
		},
		"E4B69B4A0A3A1720003C02F2": {
			"children": [
				"191CD6FA2847E21E0085CBB6",
				"E4B6FCAD0C3E899E008CF71C",
				"E4EB6923138AFD0F00A09F29",
				"191EF70929D778A400F35F26",
				"BB4B014C10F69532006C3DED",
				"039A07FE2D53EA3200B8B21C",
				"69C0E050-FC3E-4659-86D6-78F7297A36E0",
				"53E66360-4CEA-4B97-BBA2-0C1496EA59FA"
			],
			"isa": "PBXGroup",
			"sourceTree": "<group>"
		},
		"E4B69B4C0A3A1720003C02F2": {
			"attributes": {
				"BuildIndependentTargetsInParallel": "YES",
				"LastUpgradeCheck": "1620"
			},
			"buildConfigurationList": "E4B69B4D0A3A1720003C02F2",
			"compatibilityVersion": "Xcode 3.2",
			"developmentRegion": "en",
			"hasScannedForEncodings": "0",
			"isa": "PBXProject",
			"knownRegions": [
				"en",
				"Base"
			],
			"mainGroup": "E4B69B4A0A3A1720003C02F2",
			"productRefGroup": "E4B69B4A0A3A1720003C02F2",
			"projectDirPath": "",
			"projectRoot": "",
			"targets": [
				"E4B69B5A0A3A1756003C02F2"
			]
		},
		"E4B69B4D0A3A1720003C02F2": {
			"buildConfigurations": [
				"E4B69B4E0A3A1720003C02F2",
				"E4B69B4F0A3A1720003C02F2"
			],
			"defaultConfigurationIsVisible": "0",
			"defaultConfigurationName": "Release",
			"isa": "XCConfigurationList"
		},
		"E4B69B4E0A3A1720003C02F2": {
			"baseConfigurationReference": "E4EB6923138AFD0F00A09F29",
			"buildSettings": {
				"HEADER_SEARCH_PATHS": [
					"$(OF_CORE_HEADERS)",
					"src"
				],
				"OTHER_LDFLAGS": [
					"$(OF_CORE_LIBS)",
					"$(OF_CORE_FRAMEWORKS)"
				]
			},
			"isa": "XCBuildConfiguration",
			"name": "Debug"
		},
		"E4B69B4F0A3A1720003C02F2": {
			"baseConfigurationReference": "E4EB6923138AFD0F00A09F29",
			"buildSettings": {
				"HEADER_SEARCH_PATHS": [
					"$(OF_CORE_HEADERS)",
					"src"
				],
				"OTHER_LDFLAGS": [
					"$(OF_CORE_LIBS)",
					"$(OF_CORE_FRAMEWORKS)"
				]
			},
			"isa": "XCBuildConfiguration",
			"name": "Release"
		},
		"E4B69B580A3A1756003C02F2": {
			"buildActionMask": "2147483647",
			"files": [
				"B58940C0-EE71-4FD8-ACC9-ECFE39447541",
				"E8430161-2D31-445B-B415-C68419DCD4C7",
				"EF3685AC-ACDA-456F-808F-3F237FBAEE72",
				"2D344BFC-DA88-49B1-96F4-32807B4865C6",
				"4438958B-69AA-490D-96AA-EE694816384F",
				"4365FD51-4F56-4CD1-9AE0-0DD60BD047A4",
				"00D917FE-27F1-46CC-B7A5-BDE5BEF46142",
				"F3B92C10-3D2D-418B-86EE-9FCF358C9AA2",
				"2759A6F8-40BA-4831-AA34-4E849E36A972",
				"5B1F6EB8-4A9D-4A63-BB57-D972627D67AD",
				"3CB2C96F-528E-4096-AF01-4C469CB2D629",
				"62AD8AA0-8578-41EE-B74D-447B7A51C2C4",
				"28B2BC33-B97B-4D2F-AAAE-EEE191828908",
				"1C2C98A1-D8E3-4947-8743-201F03C915C2",
				"983AFE2C-46F9-4A14-B97C-1066C6DB4822",
				"32931B14-72D1-4D66-B59C-BE9D5B7CB1F3",
				"50A640F8-48CD-4974-92B8-2FDDFB2404A9",
				"0B390538-7041-48CD-BB61-3E06AF9C6372",
				"BAC0E189-02E4-4CEF-BF6A-11C64AC06080",
				"FA6F0E30-1042-4360-8AD8-AB8AFE169333",
				"2A636945-A562-4279-965A-37462C5ABE4C",
				"E75D5AC3-D1FF-41DE-BF47-A1D5CFB58DD6",
				"C45A2379-3980-4263-ADDD-9EA146C3E6CF",
				"DE02B301-F909-4C43-897D-D8EC4CB81F96",
				"01815777-8389-4B85-9A88-5AC5FDA15806",
				"734958A9-4842-4158-81E8-E9B69FD2170A"
			],
			"isa": "PBXSourcesBuildPhase",
			"runOnlyForDeploymentPostprocessing": "0"
		},
		"E4B69B590A3A1756003C02F2": {
			"buildActionMask": "2147483647",
			"files": [],
			"isa": "PBXFrameworksBuildPhase",
			"runOnlyForDeploymentPostprocessing": "0"
		},
		"E4B69B5A0A3A1756003C02F2": {
			"buildConfigurationList": "E4B69B5F0A3A1757003C02F2",
			"buildPhases": [
				"BF26640B2C634C16004360E2",
				"E42962A92163ECCD00A6A9E2",
				"E4B69B580A3A1756003C02F2",
				"E4B69B590A3A1756003C02F2",
				"E4C2427710CC5ABF004149E2",
				"E4A5B60F29BAAAE400C2D356",
				"19B789C429E5AB4A0082E9B8"
			],
			"buildRules": [],
			"dependencies": [],
			"isa": "PBXNativeTarget",
			"name": "MicroUISoftwareRemote",
			"productName": "myOFApp",
			"productReference": "039A07FE2D53EA3200B8B21C",
			"productType": "com.apple.product-type.application"
		},
		"E4B69B5B0A3A1756003C02F2": {
			"path": "MicroUISoftwareRemoteDebug.app"
		},
		"E4B69B5F0A3A1757003C02F2": {
			"buildConfigurations": [
				"E4B69B600A3A1757003C02F2",
				"E4B69B610A3A1757003C02F2"
			],
			"defaultConfigurationIsVisible": "0",
			"defaultConfigurationName": "Release",
			"isa": "XCConfigurationList"
		},
		"E4B69B600A3A1757003C02F2": {
			"baseConfigurationReference": "E4EB6923138AFD0F00A09F29",
			"buildSettings": {
				"ENABLE_HARDENED_RUNTIME": "YES",
				"HEADER_SEARCH_PATHS": [
					"$(OF_CORE_HEADERS)",
					"src",
					"src",
					"../../../addons/ofxMicroUI/src",
					"../../../addons/ofxOsc/libs",
					"../../../addons/ofxOsc/libs/oscpack",
					"../../../addons/ofxOsc/libs/oscpack/src",
					"../../../addons/ofxOsc/libs/oscpack/src/ip",
					"../../../addons/ofxOsc/libs/oscpack/src/ip/posix",
					"../../../addons/ofxOsc/libs/oscpack/src/osc",
					"../../../addons/ofxOsc/src",
					"../../../addons/ofxTools/src",
					"../../../addons/ofxTools/src/feature",
					"../../../addons/ofxTools/src/fft"
				],
				"OTHER_LDFLAGS": [
					"$(OF_CORE_LIBS)",
					"$(OF_CORE_FRAMEWORKS)"
				]
			},
			"isa": "XCBuildConfiguration",
			"name": "Debug"
		},
		"E4B69B610A3A1757003C02F2": {
			"baseConfigurationReference": "E4EB6923138AFD0F00A09F29",
			"buildSettings": {
				"ENABLE_HARDENED_RUNTIME": "YES",
				"HEADER_SEARCH_PATHS": [
					"$(OF_CORE_HEADERS)",
					"src",
					"src",
					"../../../addons/ofxMicroUI/src",
					"../../../addons/ofxOsc/libs",
					"../../../addons/ofxOsc/libs/oscpack",
					"../../../addons/ofxOsc/libs/oscpack/src",
					"../../../addons/ofxOsc/libs/oscpack/src/ip",
					"../../../addons/ofxOsc/libs/oscpack/src/ip/posix",
					"../../../addons/ofxOsc/libs/oscpack/src/osc",
					"../../../addons/ofxOsc/src",
					"../../../addons/ofxTools/src",
					"../../../addons/ofxTools/src/feature",
					"../../../addons/ofxTools/src/fft"
				],
				"OTHER_LDFLAGS": [
					"$(OF_CORE_LIBS)",
					"$(OF_CORE_FRAMEWORKS)"
				]
			},
			"isa": "XCBuildConfiguration",
			"name": "Release"
		},
		"E4B6FCAD0C3E899E008CF71C": {
			"fileEncoding": "4",
			"isa": "PBXFileReference",
			"lastKnownFileType": "text.plist.xml",
			"path": "openFrameworks-Info.plist",
			"sourceTree": "<group>"
		},
		"E4C2427710CC5ABF004149E2": {
			"buildActionMask": "2147483647",
			"dstPath": "",
			"dstSubfolderSpec": "10",
			"files": [],
			"isa": "PBXCopyFilesBuildPhase",
			"runOnlyForDeploymentPostprocessing": "0"
		},
		"E4EB6923138AFD0F00A09F29": {
			"fileEncoding": "4",
			"isa": "PBXFileReference",
			"lastKnownFileType": "text.xcconfig",
			"path": "Project.xcconfig",
			"sourceTree": "<group>"
		},
		"E622C621-2CB4-4B2E-ABA6-F0694CFBEDD6": {
			"fileEncoding": "4",
			"isa": "PBXFileReference",
			"name": "ofApp.h",
			"path": "ofApp.h",
			"sourceTree": "<group>"
		},
		"E75D5AC3-D1FF-41DE-BF47-A1D5CFB58DD6": {
			"fileRef": "3CF8EFFD-1B44-486F-86E0-EC95CB722B32",
			"isa": "PBXBuildFile"
		},
		"E79DAA90-918D-44E2-977C-8A43CC06E385": {
			"fileEncoding": "4",
			"isa": "PBXFileReference",
			"name": "ofxOscSender.cpp",
			"path": "ofxOscSender.cpp",
			"sourceTree": "<group>"
		},
		"E8430161-2D31-445B-B415-C68419DCD4C7": {
			"fileRef": "89431FC0-16D0-4719-A4C1-20C92D0DCEC9",
			"isa": "PBXBuildFile"
		},
		"E8564A49-3B1F-40C0-AA90-EE9F01630183": {
			"fileEncoding": "4",
			"isa": "PBXFileReference",
			"name": "ofxOscArg.h",
			"path": "ofxOscArg.h",
			"sourceTree": "<group>"
		},
		"E8EBD62E-0EE3-4566-BC73-7E51021A945E": {
			"fileEncoding": "4",
			"isa": "PBXFileReference",
			"name": "PacketListener.h",
			"path": "PacketListener.h",
			"sourceTree": "<group>"
		},
		"EA63CB62-C478-459A-A946-F4380C3DFA78": {
			"fileEncoding": "4",
			"isa": "PBXFileReference",
			"name": "featureMaterialPBR.h",
			"path": "featureMaterialPBR.h",
			"sourceTree": "<group>"
		},
		"EC7EBEFC-B942-46A1-91AE-5A999C0A3CB4": {
			"fileEncoding": "4",
			"isa": "PBXFileReference",
			"name": "featureShader.h",
			"path": "featureShader.h",
			"sourceTree": "<group>"
		},
		"EE096413-8071-44E2-9FB8-682102E153D2": {
			"fileEncoding": "4",
			"isa": "PBXFileReference",
			"name": "ofxMicroUIParseText.cpp",
			"path": "ofxMicroUIParseText.cpp",
			"sourceTree": "<group>"
		},
		"EF3685AC-ACDA-456F-808F-3F237FBAEE72": {
			"fileRef": "5D4871BF-FFEB-451E-A233-6B435E1EAEE1",
			"isa": "PBXBuildFile"
		},
		"EF6F3492-5B2A-4F55-BA2B-9BDFF1A039A1": {
			"fileEncoding": "4",
			"isa": "PBXFileReference",
			"name": "OscException.h",
			"path": "OscException.h",
			"sourceTree": "<group>"
		},
		"F388EA3F-208F-440C-86CA-72BD8FB501D9": {
			"fileEncoding": "4",
			"isa": "PBXFileReference",
			"name": "fixtureArt.h",
			"path": "fixtureArt.h",
			"sourceTree": "<group>"
		},
		"F3B92C10-3D2D-418B-86EE-9FCF358C9AA2": {
			"fileRef": "547FF0C3-3467-41F2-AD3D-FABAFEF51EBE",
			"isa": "PBXBuildFile"
		},
		"F4C2BCD6-23A1-468A-9954-C81C56C9AC51": {
			"fileEncoding": "4",
			"isa": "PBXFileReference",
			"name": "ofxMicroUIShortcut.h",
			"path": "ofxMicroUIShortcut.h",
			"sourceTree": "<group>"
		},
		"FA6F0E30-1042-4360-8AD8-AB8AFE169333": {
			"fileRef": "1CB7D94E-758D-4521-9113-A22A0B2C902D",
			"isa": "PBXBuildFile"
		},
		"FBFED11D-92C2-4F8B-9EF1-320913BB4E7B": {
			"fileEncoding": "4",
			"isa": "PBXFileReference",
			"name": "fixtureArt2023.h",
			"path": "fixtureArt2023.h",
			"sourceTree": "<group>"
		},
		"FD717344-2D5C-48B7-AA7F-E01E1B1BDA2B": {
			"fileEncoding": "4",
			"isa": "PBXFileReference",
			"name": "ofxMicroUISoftware.h",
			"path": "ofxMicroUISoftware.h",
			"sourceTree": "<group>"
		}
	},
	"rootObject": "E4B69B4C0A3A1720003C02F2"
}