{
	"_OFProjectGeneratorVersion": "ofGen v0.3.8",
	"archiveVersion": "1",
	"classes": {},
	"objectVersion": "54",
	"objects": {
		"039A07FE2D53EA3200B8B21C": {
			"explicitFileType": "wrapper.application",
			"includeInIndex": "0",
			"isa": "PBXFileReference",
			"path": "MicroUISimpleDebug.app",
			"sourceTree": "BUILT_PRODUCTS_DIR"
		},
		"080F529B-2CBD-4A6C-BE65-B5C470152D2A": {
			"fileEncoding": "4",
			"isa": "PBXFileReference",
			"name": "ofxMicroUIShortcut.h",
			"path": "ofxMicroUIShortcut.h",
			"sourceTree": "<group>"
		},
		"0A38105C-01BF-48CE-8F5C-F90580AAB798": {
			"fileEncoding": "4",
			"isa": "PBXFileReference",
			"name": "ofApp.cpp",
			"path": "ofApp.cpp",
			"sourceTree": "<group>"
		},
		"0B2580E1-F60B-44A0-903C-60E540C95232": {
			"fileEncoding": "4",
			"isa": "PBXFileReference",
			"name": "ofxMicroUITools.h",
			"path": "ofxMicroUITools.h",
			"sourceTree": "<group>"
		},
		"14A256D6-6353-48BE-8D39-C37EB6B8B190": {
			"fileEncoding": "4",
			"isa": "PBXFileReference",
			"name": "ofxMicroUISoftware.cpp",
			"path": "ofxMicroUISoftware.cpp",
			"sourceTree": "<group>"
		},
		"191CD6FA2847E21E0085CBB6": {
			"fileEncoding": "4",
			"isa": "PBXFileReference",
			"lastKnownFileType": "text.plist.entitlements",
			"path": "of.entitlements",
			"sourceTree": "<group>"
		},
		"191EF70929D778A400F35F26": {
			"isa": "PBXFileReference",
			"lastKnownFileType": "folder",
			"name": "openFrameworks",
			"path": "../../../libs/openFrameworks",
			"sourceTree": "SOURCE_ROOT"
		},
		"19B789C429E5AB4A0082E9B8": {
			"alwaysOutOfDate": "1",
			"buildActionMask": "2147483647",
			"files": [],
			"inputFileListPaths": [],
			"inputPaths": [],
			"isa": "PBXShellScriptBuildPhase",
			"outputFileListPaths": [],
			"outputPaths": [],
			"runOnlyForDeploymentPostprocessing": "0",
			"shellPath": "/bin/sh",
			"shellScript": "\"$OF_PATH/scripts/macos/xcode_project.sh\"\n",
			"showEnvVarsInLog": "0"
		},
		"1A40AAD3-BE9E-47E8-9672-C5AD6E124D72": {
			"fileEncoding": "4",
			"isa": "PBXFileReference",
			"name": "main.cpp",
			"path": "main.cpp",
			"sourceTree": "<group>"
		},
		"1A81F938-5D67-4C2E-BCB5-46642A81A46F": {
			"fileEncoding": "4",
			"isa": "PBXFileReference",
			"name": "ofxMicroUIElements.h",
			"path": "ofxMicroUIElements.h",
			"sourceTree": "<group>"
		},
		"21CA0FCD-700D-428A-8B4A-C20954852708": {
			"fileRef": "4991ED89-E0A6-4D02-9BE9-419D5E0EB381",
			"isa": "PBXBuildFile"
		},
		"343958B2-F6AE-4C01-A795-723349F606E1": {
			"fileEncoding": "4",
			"isa": "PBXFileReference",
			"name": "ofxMicroUI.h",
			"path": "ofxMicroUI.h",
			"sourceTree": "<group>"
		},
		"3722B3A3-5E4B-44B3-BA06-1245EE67926B": {
			"fileEncoding": "4",
			"isa": "PBXFileReference",
			"name": "ofApp.h",
			"path": "ofApp.h",
			"sourceTree": "<group>"
		},
		"4991ED89-E0A6-4D02-9BE9-419D5E0EB381": {
			"fileEncoding": "4",
			"isa": "PBXFileReference",
			"name": "ofxMicroUIParseText.cpp",
			"path": "ofxMicroUIParseText.cpp",
			"sourceTree": "<group>"
		},
		"50AF2E09-721D-404A-9B56-498C7C4E1978": {
			"fileRef": "0A38105C-01BF-48CE-8F5C-F90580AAB798",
			"isa": "PBXBuildFile"
		},
		"5E02D3B8-ABA4-4AB5-A610-61291116371C": {
			"fileEncoding": "4",
			"isa": "PBXFileReference",
			"name": "data",
			"path": "bin/data",
			"sourceTree": "SOURCE_ROOT"
		},
		"5F759BC9-6487-4C25-BC6C-076052176131": {
			"fileEncoding": "4",
			"isa": "PBXFileReference",
			"name": "ofxMicroUIElements.cpp",
			"path": "ofxMicroUIElements.cpp",
			"sourceTree": "<group>"
		},
		"5FED960A-95AD-4E04-A335-DFEF29C2D44C": {
			"fileRef": "5F759BC9-6487-4C25-BC6C-076052176131",
			"isa": "PBXBuildFile"
		},
		"688CBB8C-4BD6-407E-B429-A8B5613CD4AD": {
			"fileEncoding": "4",
			"isa": "PBXFileReference",
			"name": "incrementa.h",
			"path": "incrementa.h",
			"sourceTree": "<group>"
		},
		"6BED6DF6-5E1E-4947-82E8-03790AEB7935": {
			"fileEncoding": "4",
			"isa": "PBXFileReference",
			"name": "ofxMicroUIParseText.h",
			"path": "ofxMicroUIParseText.h",
			"sourceTree": "<group>"
		},
		"7FDF87FA-9EF3-4595-A5A0-D30C0DE43DAA": {
			"fileRef": "14A256D6-6353-48BE-8D39-C37EB6B8B190",
			"isa": "PBXBuildFile"
		},
		"811519F7-2AD7-4DAF-8B3C-8EA023C48486": {
			"fileRef": "A16BE230-F8D5-4B87-93CF-E77998BE776E",
			"isa": "PBXBuildFile"
		},
		"81419FFE-46C4-4D51-8734-45196DF93763": {
			"fileEncoding": "4",
			"isa": "PBXFileReference",
			"name": "tiffFastWriter.h",
			"path": "tiffFastWriter.h",
			"sourceTree": "<group>"
		},
		"8755FC9C-D8F4-46F4-8DB8-1F1FF32D8C97": {
			"children": [
				"9D78C17E-FAC6-45CB-8076-EE95A8A33922"
			],
			"isa": "PBXGroup",
			"name": "ofxMicroUI",
			"path": "ofxMicroUI",
			"sourceTree": "<group>"
		},
		"9D78C17E-FAC6-45CB-8076-EE95A8A33922": {
			"children": [
				"A16BE230-F8D5-4B87-93CF-E77998BE776E",
				"5F759BC9-6487-4C25-BC6C-076052176131",
				"4991ED89-E0A6-4D02-9BE9-419D5E0EB381",
				"14A256D6-6353-48BE-8D39-C37EB6B8B190",
				"688CBB8C-4BD6-407E-B429-A8B5613CD4AD",
				"343958B2-F6AE-4C01-A795-723349F606E1",
				"1A81F938-5D67-4C2E-BCB5-46642A81A46F",
				"6BED6DF6-5E1E-4947-82E8-03790AEB7935",
				"C066C957-A738-45E1-9E8A-B363B52B07DC",
				"BDD20A1D-7FBB-421A-A6B3-E80F82BAC01B",
				"080F529B-2CBD-4A6C-BE65-B5C470152D2A",
				"ABF8A649-2084-4A2C-ACD6-95D8B7664E73",
				"0B2580E1-F60B-44A0-903C-60E540C95232",
				"81419FFE-46C4-4D51-8734-45196DF93763"
			],
			"isa": "PBXGroup",
			"name": "src",
			"path": "src",
			"sourceTree": "<group>"
		},
		"A16BE230-F8D5-4B87-93CF-E77998BE776E": {
			"fileEncoding": "4",
			"isa": "PBXFileReference",
			"name": "ofxMicroUI.cpp",
			"path": "ofxMicroUI.cpp",
			"sourceTree": "<group>"
		},
		"ABF8A649-2084-4A2C-ACD6-95D8B7664E73": {
			"fileEncoding": "4",
			"isa": "PBXFileReference",
			"name": "ofxMicroUISoftware.h",
			"path": "ofxMicroUISoftware.h",
			"sourceTree": "<group>"
		},
		"B3B3D84D-ACA1-4294-807B-CE8ABFD6B452": {
			"fileRef": "1A40AAD3-BE9E-47E8-9672-C5AD6E124D72",
			"isa": "PBXBuildFile"
		},
		"BB4B014C10F69532006C3DED": {
			"children": [
				"8755FC9C-D8F4-46F4-8DB8-1F1FF32D8C97"
			],
			"isa": "PBXGroup",
			"name": "addons",
			"path": "../../../addons",
			"sourceTree": "SOURCE_ROOT"
		},
		"BDD20A1D-7FBB-421A-A6B3-E80F82BAC01B": {
			"fileEncoding": "4",
			"isa": "PBXFileReference",
			"name": "ofxMicroUISettings.h",
			"path": "ofxMicroUISettings.h",
			"sourceTree": "<group>"
		},
		"BF26640B2C634C16004360E2": {
			"alwaysOutOfDate": "1",
			"buildActionMask": "2147483647",
			"files": [],
			"inputFileListPaths": [],
			"inputPaths": [],
			"isa": "PBXShellScriptBuildPhase",
			"outputFileListPaths": [],
			"outputPaths": [],
			"runOnlyForDeploymentPostprocessing": "0",
			"shellPath": "/usr/bin/env bash",
			"shellScript": "",
			"showEnvVarsInLog": "0"
		},
		"C066C957-A738-45E1-9E8A-B363B52B07DC": {
			"fileEncoding": "4",
			"isa": "PBXFileReference",
			"name": "ofxMicroUIRemote.h",
			"path": "ofxMicroUIRemote.h",
			"sourceTree": "<group>"
		},
		"DFED8317-C69B-4194-B8EA-E2F05561CAB4": {
			"children": [
				"1A40AAD3-BE9E-47E8-9672-C5AD6E124D72",
				"0A38105C-01BF-48CE-8F5C-F90580AAB798",
				"3722B3A3-5E4B-44B3-BA06-1245EE67926B"
			],
			"isa": "PBXGroup",
			"name": "src",
			"path": "src",
			"sourceTree": "<group>"
		},
		"E42962A92163ECCD00A6A9E2": {
			"alwaysOutOfDate": "1",
			"buildActionMask": "2147483647",
			"files": [],
			"inputPaths": [],
			"isa": "PBXShellScriptBuildPhase",
			"name": "Run Script — Compile OF",
			"outputPaths": [],
			"runOnlyForDeploymentPostprocessing": "0",
			"shellPath": "/bin/sh",
			"shellScript": "$OF_CORE_BUILD_COMMAND\n",
			"showEnvVarsInLog": "0"
		},
		"E4A5B60F29BAAAE400C2D356": {
			"buildActionMask": "2147483647",
			"dstPath": "",
			"dstSubfolderSpec": "6",
			"files": [],
			"isa": "PBXCopyFilesBuildPhase",
			"runOnlyForDeploymentPostprocessing": "0"
		},
		"E4B69B4A0A3A1720003C02F2": {
			"children": [
				"191CD6FA2847E21E0085CBB6",
				"E4B6FCAD0C3E899E008CF71C",
				"E4EB6923138AFD0F00A09F29",
				"191EF70929D778A400F35F26",
				"BB4B014C10F69532006C3DED",
				"039A07FE2D53EA3200B8B21C",
				"5E02D3B8-ABA4-4AB5-A610-61291116371C",
				"DFED8317-C69B-4194-B8EA-E2F05561CAB4"
			],
			"isa": "PBXGroup",
			"sourceTree": "<group>"
		},
		"E4B69B4C0A3A1720003C02F2": {
			"attributes": {
				"BuildIndependentTargetsInParallel": "YES",
				"LastUpgradeCheck": "1620"
			},
			"buildConfigurationList": "E4B69B4D0A3A1720003C02F2",
			"compatibilityVersion": "Xcode 3.2",
			"developmentRegion": "en",
			"hasScannedForEncodings": "0",
			"isa": "PBXProject",
			"knownRegions": [
				"en",
				"Base"
			],
			"mainGroup": "E4B69B4A0A3A1720003C02F2",
			"productRefGroup": "E4B69B4A0A3A1720003C02F2",
			"projectDirPath": "",
			"projectRoot": "",
			"targets": [
				"E4B69B5A0A3A1756003C02F2"
			]
		},
		"E4B69B4D0A3A1720003C02F2": {
			"buildConfigurations": [
				"E4B69B4E0A3A1720003C02F2",
				"E4B69B4F0A3A1720003C02F2"
			],
			"defaultConfigurationIsVisible": "0",
			"defaultConfigurationName": "Release",
			"isa": "XCConfigurationList"
		},
		"E4B69B4E0A3A1720003C02F2": {
			"baseConfigurationReference": "E4EB6923138AFD0F00A09F29",
			"buildSettings": {
				"HEADER_SEARCH_PATHS": [
					"$(OF_CORE_HEADERS)",
					"src"
				],
				"OTHER_LDFLAGS": [
					"$(OF_CORE_LIBS)",
					"$(OF_CORE_FRAMEWORKS)"
				]
			},
			"isa": "XCBuildConfiguration",
			"name": "Debug"
		},
		"E4B69B4F0A3A1720003C02F2": {
			"baseConfigurationReference": "E4EB6923138AFD0F00A09F29",
			"buildSettings": {
				"HEADER_SEARCH_PATHS": [
					"$(OF_CORE_HEADERS)",
					"src"
				],
				"OTHER_LDFLAGS": [
					"$(OF_CORE_LIBS)",
					"$(OF_CORE_FRAMEWORKS)"
				]
			},
			"isa": "XCBuildConfiguration",
			"name": "Release"
		},
		"E4B69B580A3A1756003C02F2": {
			"buildActionMask": "2147483647",
			"files": [
				"B3B3D84D-ACA1-4294-807B-CE8ABFD6B452",
				"50AF2E09-721D-404A-9B56-498C7C4E1978",
				"811519F7-2AD7-4DAF-8B3C-8EA023C48486",
				"5FED960A-95AD-4E04-A335-DFEF29C2D44C",
				"21CA0FCD-700D-428A-8B4A-C20954852708",
				"7FDF87FA-9EF3-4595-A5A0-D30C0DE43DAA"
			],
			"isa": "PBXSourcesBuildPhase",
			"runOnlyForDeploymentPostprocessing": "0"
		},
		"E4B69B590A3A1756003C02F2": {
			"buildActionMask": "2147483647",
			"files": [],
			"isa": "PBXFrameworksBuildPhase",
			"runOnlyForDeploymentPostprocessing": "0"
		},
		"E4B69B5A0A3A1756003C02F2": {
			"buildConfigurationList": "E4B69B5F0A3A1757003C02F2",
			"buildPhases": [
				"BF26640B2C634C16004360E2",
				"E42962A92163ECCD00A6A9E2",
				"E4B69B580A3A1756003C02F2",
				"E4B69B590A3A1756003C02F2",
				"E4C2427710CC5ABF004149E2",
				"E4A5B60F29BAAAE400C2D356",
				"19B789C429E5AB4A0082E9B8"
			],
			"buildRules": [],
			"dependencies": [],
			"isa": "PBXNativeTarget",
			"name": "MicroUISimple",
			"productName": "myOFApp",
			"productReference": "039A07FE2D53EA3200B8B21C",
			"productType": "com.apple.product-type.application"
		},
		"E4B69B5B0A3A1756003C02F2": {
			"path": "MicroUISimpleDebug.app"
		},
		"E4B69B5F0A3A1757003C02F2": {
			"buildConfigurations": [
				"E4B69B600A3A1757003C02F2",
				"E4B69B610A3A1757003C02F2"
			],
			"defaultConfigurationIsVisible": "0",
			"defaultConfigurationName": "Release",
			"isa": "XCConfigurationList"
		},
		"E4B69B600A3A1757003C02F2": {
			"baseConfigurationReference": "E4EB6923138AFD0F00A09F29",
			"buildSettings": {
				"ENABLE_HARDENED_RUNTIME": "YES",
				"HEADER_SEARCH_PATHS": [
					"$(OF_CORE_HEADERS)",
					"src",
					"src",
					"../../../addons/ofxMicroUI/src"
				],
				"OTHER_LDFLAGS": [
					"$(OF_CORE_LIBS)",
					"$(OF_CORE_FRAMEWORKS)"
				]
			},
			"isa": "XCBuildConfiguration",
			"name": "Debug"
		},
		"E4B69B610A3A1757003C02F2": {
			"baseConfigurationReference": "E4EB6923138AFD0F00A09F29",
			"buildSettings": {
				"ENABLE_HARDENED_RUNTIME": "YES",
				"HEADER_SEARCH_PATHS": [
					"$(OF_CORE_HEADERS)",
					"src",
					"src",
					"../../../addons/ofxMicroUI/src"
				],
				"OTHER_LDFLAGS": [
					"$(OF_CORE_LIBS)",
					"$(OF_CORE_FRAMEWORKS)"
				]
			},
			"isa": "XCBuildConfiguration",
			"name": "Release"
		},
		"E4B6FCAD0C3E899E008CF71C": {
			"fileEncoding": "4",
			"isa": "PBXFileReference",
			"lastKnownFileType": "text.plist.xml",
			"path": "openFrameworks-Info.plist",
			"sourceTree": "<group>"
		},
		"E4C2427710CC5ABF004149E2": {
			"buildActionMask": "2147483647",
			"dstPath": "",
			"dstSubfolderSpec": "10",
			"files": [],
			"isa": "PBXCopyFilesBuildPhase",
			"runOnlyForDeploymentPostprocessing": "0"
		},
		"E4EB6923138AFD0F00A09F29": {
			"fileEncoding": "4",
			"isa": "PBXFileReference",
			"lastKnownFileType": "text.xcconfig",
			"path": "Project.xcconfig",
			"sourceTree": "<group>"
		}
	},
	"rootObject": "E4B69B4C0A3A1720003C02F2"
}