{
	"_OFProjectGeneratorVersion": "ofGen v0.2.9",
	"archiveVersion": "1",
	"classes": {},
	"objectVersion": "54",
	"objects": {
		"039A07FE2D53EA3200B8B21C": {
			"explicitFileType": "wrapper.application",
			"includeInIndex": "0",
			"isa": "PBXFileReference",
			"path": "MicroUICustomColorsDebug.app",
			"sourceTree": "BUILT_PRODUCTS_DIR"
		},
		"0D56B1FF-9BB7-4243-9128-777FB817A879": {
			"fileEncoding": "4",
			"isa": "PBXFileReference",
			"name": "ofxMicroUI.cpp",
			"path": "ofxMicroUI.cpp",
			"sourceTree": "<group>"
		},
		"17CDB800-EB48-4CEC-88BE-D4CE9534C75F": {
			"fileEncoding": "4",
			"isa": "PBXFileReference",
			"name": "ofxMicroUISoftware.cpp",
			"path": "ofxMicroUISoftware.cpp",
			"sourceTree": "<group>"
		},
		"191CD6FA2847E21E0085CBB6": {
			"fileEncoding": "4",
			"isa": "PBXFileReference",
			"lastKnownFileType": "text.plist.entitlements",
			"path": "of.entitlements",
			"sourceTree": "<group>"
		},
		"191EF70929D778A400F35F26": {
			"isa": "PBXFileReference",
			"lastKnownFileType": "folder",
			"name": "openFrameworks",
			"path": "../../../libs/openFrameworks",
			"sourceTree": "SOURCE_ROOT"
		},
		"19B789C429E5AB4A0082E9B8": {
			"alwaysOutOfDate": "1",
			"buildActionMask": "2147483647",
			"files": [],
			"inputFileListPaths": [],
			"inputPaths": [],
			"isa": "PBXShellScriptBuildPhase",
			"outputFileListPaths": [],
			"outputPaths": [],
			"runOnlyForDeploymentPostprocessing": "0",
			"shellPath": "/bin/sh",
			"shellScript": "\"$OF_PATH/scripts/macos/xcode_project.sh\"\n",
			"showEnvVarsInLog": "0"
		},
		"41F7A0DB-0D1E-412E-9A2A-9BC9F5BCBFAB": {
			"fileEncoding": "4",
			"isa": "PBXFileReference",
			"name": "ofxMicroUIRemote.h",
			"path": "ofxMicroUIRemote.h",
			"sourceTree": "<group>"
		},
		"430274DC-1DD6-42CC-947B-D1621AC230B9": {
			"children": [
				"0D56B1FF-9BB7-4243-9128-777FB817A879",
				"652B4714-A524-41FD-A271-184D031C0B82",
				"4516A9B1-79EA-4E35-B321-1253B4974C8E",
				"17CDB800-EB48-4CEC-88BE-D4CE9534C75F",
				"654191A8-FF3F-4E88-9F68-F10BE8623A7E",
				"BB42DB9C-A579-4ABB-BBAD-C1FC0E1CD6B3",
				"A432E06A-C9F0-4F18-97E7-D814D2C68DFE",
				"6C785B62-F7F5-41E2-B9BE-283C83989287",
				"41F7A0DB-0D1E-412E-9A2A-9BC9F5BCBFAB",
				"6292EEC7-7DA0-406F-9C36-C5463EE49724",
				"D7248537-5387-4530-9B69-2227AE947DF1",
				"CE1DF453-95C5-4120-827C-054510DE9F2F",
				"D3F06C3D-FA6A-4CDF-BA86-DE7E08D98417",
				"9BCF2035-7C6D-43E5-B8EE-37F7624CFEB3"
			],
			"isa": "PBXGroup",
			"name": "src",
			"path": "src",
			"sourceTree": "<group>"
		},
		"4516A9B1-79EA-4E35-B321-1253B4974C8E": {
			"fileEncoding": "4",
			"isa": "PBXFileReference",
			"name": "ofxMicroUIParseText.cpp",
			"path": "ofxMicroUIParseText.cpp",
			"sourceTree": "<group>"
		},
		"4A0FA2CD-4EF1-4C1A-B7F2-6705CF02AFD9": {
			"children": [
				"430274DC-1DD6-42CC-947B-D1621AC230B9"
			],
			"isa": "PBXGroup",
			"name": "ofxMicroUI",
			"path": "ofxMicroUI",
			"sourceTree": "<group>"
		},
		"60A8FD80-F76D-4CBA-816D-E61D36C9059D": {
			"fileRef": "17CDB800-EB48-4CEC-88BE-D4CE9534C75F",
			"isa": "PBXBuildFile"
		},
		"6292EEC7-7DA0-406F-9C36-C5463EE49724": {
			"fileEncoding": "4",
			"isa": "PBXFileReference",
			"name": "ofxMicroUISettings.h",
			"path": "ofxMicroUISettings.h",
			"sourceTree": "<group>"
		},
		"652B4714-A524-41FD-A271-184D031C0B82": {
			"fileEncoding": "4",
			"isa": "PBXFileReference",
			"name": "ofxMicroUIElements.cpp",
			"path": "ofxMicroUIElements.cpp",
			"sourceTree": "<group>"
		},
		"654191A8-FF3F-4E88-9F68-F10BE8623A7E": {
			"fileEncoding": "4",
			"isa": "PBXFileReference",
			"name": "incrementa.h",
			"path": "incrementa.h",
			"sourceTree": "<group>"
		},
		"6C785B62-F7F5-41E2-B9BE-283C83989287": {
			"fileEncoding": "4",
			"isa": "PBXFileReference",
			"name": "ofxMicroUIParseText.h",
			"path": "ofxMicroUIParseText.h",
			"sourceTree": "<group>"
		},
		"700E9774-C852-4F67-B8AD-79411D7F1756": {
			"fileRef": "0D56B1FF-9BB7-4243-9128-777FB817A879",
			"isa": "PBXBuildFile"
		},
		"8C23EEBE-321F-46AD-960F-FD8C4E36038F": {
			"fileRef": "EFF01625-DFFE-432F-A787-F050FF3F5A7B",
			"isa": "PBXBuildFile"
		},
		"9BCF2035-7C6D-43E5-B8EE-37F7624CFEB3": {
			"fileEncoding": "4",
			"isa": "PBXFileReference",
			"name": "tiffFastWriter.h",
			"path": "tiffFastWriter.h",
			"sourceTree": "<group>"
		},
		"A432E06A-C9F0-4F18-97E7-D814D2C68DFE": {
			"fileEncoding": "4",
			"isa": "PBXFileReference",
			"name": "ofxMicroUIElements.h",
			"path": "ofxMicroUIElements.h",
			"sourceTree": "<group>"
		},
		"AEB3040F-A83C-4923-A1CE-6A5B52B44B9C": {
			"children": [
				"EFF01625-DFFE-432F-A787-F050FF3F5A7B",
				"EA4E20F4-8AEF-4F03-BE85-F1927C147BE4",
				"F0D08EBE-FC39-4F8E-A305-B3CCCB077A06"
			],
			"isa": "PBXGroup",
			"name": "src",
			"path": "src",
			"sourceTree": "<group>"
		},
		"BB42DB9C-A579-4ABB-BBAD-C1FC0E1CD6B3": {
			"fileEncoding": "4",
			"isa": "PBXFileReference",
			"name": "ofxMicroUI.h",
			"path": "ofxMicroUI.h",
			"sourceTree": "<group>"
		},
		"BB4B014C10F69532006C3DED": {
			"children": [
				"4A0FA2CD-4EF1-4C1A-B7F2-6705CF02AFD9"
			],
			"isa": "PBXGroup",
			"name": "addons",
			"path": "../../../addons",
			"sourceTree": "SOURCE_ROOT"
		},
		"BF26640B2C634C16004360E2": {
			"alwaysOutOfDate": "1",
			"buildActionMask": "2147483647",
			"files": [],
			"inputFileListPaths": [],
			"inputPaths": [],
			"isa": "PBXShellScriptBuildPhase",
			"outputFileListPaths": [],
			"outputPaths": [],
			"runOnlyForDeploymentPostprocessing": "0",
			"shellPath": "/usr/bin/env bash",
			"shellScript": "",
			"showEnvVarsInLog": "0"
		},
		"CE1DF453-95C5-4120-827C-054510DE9F2F": {
			"fileEncoding": "4",
			"isa": "PBXFileReference",
			"name": "ofxMicroUISoftware.h",
			"path": "ofxMicroUISoftware.h",
			"sourceTree": "<group>"
		},
		"D3F06C3D-FA6A-4CDF-BA86-DE7E08D98417": {
			"fileEncoding": "4",
			"isa": "PBXFileReference",
			"name": "ofxMicroUITools.h",
			"path": "ofxMicroUITools.h",
			"sourceTree": "<group>"
		},
		"D7248537-5387-4530-9B69-2227AE947DF1": {
			"fileEncoding": "4",
			"isa": "PBXFileReference",
			"name": "ofxMicroUIShortcut.h",
			"path": "ofxMicroUIShortcut.h",
			"sourceTree": "<group>"
		},
		"D989B566-660F-42F0-8800-0E782FB2BD0F": {
			"fileEncoding": "4",
			"isa": "PBXFileReference",
			"name": "data",
			"path": "bin/data",
			"sourceTree": "SOURCE_ROOT"
		},
		"E29DA73E-7764-4329-9E1A-3C24C94E6402": {
			"fileRef": "4516A9B1-79EA-4E35-B321-1253B4974C8E",
			"isa": "PBXBuildFile"
		},
		"E42962A92163ECCD00A6A9E2": {
			"alwaysOutOfDate": "1",
			"buildActionMask": "2147483647",
			"files": [],
			"inputPaths": [],
			"isa": "PBXShellScriptBuildPhase",
			"name": "Run Script — Compile OF",
			"outputPaths": [],
			"runOnlyForDeploymentPostprocessing": "0",
			"shellPath": "/bin/sh",
			"shellScript": "$OF_CORE_BUILD_COMMAND\n",
			"showEnvVarsInLog": "0"
		},
		"E4A5B60F29BAAAE400C2D356": {
			"buildActionMask": "2147483647",
			"dstPath": "",
			"dstSubfolderSpec": "6",
			"files": [],
			"isa": "PBXCopyFilesBuildPhase",
			"runOnlyForDeploymentPostprocessing": "0"
		},
		"E4B69B4A0A3A1720003C02F2": {
			"children": [
				"191CD6FA2847E21E0085CBB6",
				"E4B6FCAD0C3E899E008CF71C",
				"E4EB6923138AFD0F00A09F29",
				"191EF70929D778A400F35F26",
				"BB4B014C10F69532006C3DED",
				"039A07FE2D53EA3200B8B21C",
				"D989B566-660F-42F0-8800-0E782FB2BD0F",
				"AEB3040F-A83C-4923-A1CE-6A5B52B44B9C"
			],
			"isa": "PBXGroup",
			"sourceTree": "<group>"
		},
		"E4B69B4C0A3A1720003C02F2": {
			"attributes": {
				"BuildIndependentTargetsInParallel": "YES",
				"LastUpgradeCheck": "1620"
			},
			"buildConfigurationList": "E4B69B4D0A3A1720003C02F2",
			"compatibilityVersion": "Xcode 3.2",
			"developmentRegion": "en",
			"hasScannedForEncodings": "0",
			"isa": "PBXProject",
			"knownRegions": [
				"en",
				"Base"
			],
			"mainGroup": "E4B69B4A0A3A1720003C02F2",
			"productRefGroup": "E4B69B4A0A3A1720003C02F2",
			"projectDirPath": "",
			"projectRoot": "",
			"targets": [
				"E4B69B5A0A3A1756003C02F2"
			]
		},
		"E4B69B4D0A3A1720003C02F2": {
			"buildConfigurations": [
				"E4B69B4E0A3A1720003C02F2",
				"E4B69B4F0A3A1720003C02F2"
			],
			"defaultConfigurationIsVisible": "0",
			"defaultConfigurationName": "Release",
			"isa": "XCConfigurationList"
		},
		"E4B69B4E0A3A1720003C02F2": {
			"baseConfigurationReference": "E4EB6923138AFD0F00A09F29",
			"buildSettings": {
				"HEADER_SEARCH_PATHS": [
					"$(OF_CORE_HEADERS)",
					"src",
					"src",
					"../../../addons/ofxMicroUI/src"
				],
				"OTHER_LDFLAGS": [
					"$(OF_CORE_LIBS)",
					"$(OF_CORE_FRAMEWORKS)"
				]
			},
			"isa": "XCBuildConfiguration",
			"name": "Debug"
		},
		"E4B69B4F0A3A1720003C02F2": {
			"baseConfigurationReference": "E4EB6923138AFD0F00A09F29",
			"buildSettings": {
				"HEADER_SEARCH_PATHS": [
					"$(OF_CORE_HEADERS)",
					"src",
					"src",
					"../../../addons/ofxMicroUI/src"
				],
				"OTHER_LDFLAGS": [
					"$(OF_CORE_LIBS)",
					"$(OF_CORE_FRAMEWORKS)"
				]
			},
			"isa": "XCBuildConfiguration",
			"name": "Release"
		},
		"E4B69B580A3A1756003C02F2": {
			"buildActionMask": "2147483647",
			"files": [
				"8C23EEBE-321F-46AD-960F-FD8C4E36038F",
				"ED75921B-EF7B-46E4-9206-F342FC3F86CF",
				"700E9774-C852-4F67-B8AD-79411D7F1756",
				"EF1D50EE-ABE0-4796-9CEA-8843BF3D5E7C",
				"E29DA73E-7764-4329-9E1A-3C24C94E6402",
				"60A8FD80-F76D-4CBA-816D-E61D36C9059D"
			],
			"isa": "PBXSourcesBuildPhase",
			"runOnlyForDeploymentPostprocessing": "0"
		},
		"E4B69B590A3A1756003C02F2": {
			"buildActionMask": "2147483647",
			"files": [],
			"isa": "PBXFrameworksBuildPhase",
			"runOnlyForDeploymentPostprocessing": "0"
		},
		"E4B69B5A0A3A1756003C02F2": {
			"buildConfigurationList": "E4B69B5F0A3A1757003C02F2",
			"buildPhases": [
				"BF26640B2C634C16004360E2",
				"E42962A92163ECCD00A6A9E2",
				"E4B69B580A3A1756003C02F2",
				"E4B69B590A3A1756003C02F2",
				"E4C2427710CC5ABF004149E2",
				"E4A5B60F29BAAAE400C2D356",
				"19B789C429E5AB4A0082E9B8"
			],
			"buildRules": [],
			"dependencies": [],
			"isa": "PBXNativeTarget",
			"name": "MicroUICustomColors",
			"productName": "myOFApp",
			"productReference": "039A07FE2D53EA3200B8B21C",
			"productType": "com.apple.product-type.application"
		},
		"E4B69B5F0A3A1757003C02F2": {
			"buildConfigurations": [
				"E4B69B600A3A1757003C02F2",
				"E4B69B610A3A1757003C02F2"
			],
			"defaultConfigurationIsVisible": "0",
			"defaultConfigurationName": "Release",
			"isa": "XCConfigurationList"
		},
		"E4B69B600A3A1757003C02F2": {
			"baseConfigurationReference": "E4EB6923138AFD0F00A09F29",
			"buildSettings": {
				"ENABLE_HARDENED_RUNTIME": "YES",
				"HEADER_SEARCH_PATHS": [
					"$(OF_CORE_HEADERS)",
					"src",
					"src",
					"../../../addons/ofxMicroUI/src"
				],
				"OTHER_LDFLAGS": [
					"$(OF_CORE_LIBS)",
					"$(OF_CORE_FRAMEWORKS)"
				]
			},
			"isa": "XCBuildConfiguration",
			"name": "Debug"
		},
		"E4B69B610A3A1757003C02F2": {
			"baseConfigurationReference": "E4EB6923138AFD0F00A09F29",
			"buildSettings": {
				"ENABLE_HARDENED_RUNTIME": "YES",
				"HEADER_SEARCH_PATHS": [
					"$(OF_CORE_HEADERS)",
					"src",
					"src",
					"../../../addons/ofxMicroUI/src"
				],
				"OTHER_LDFLAGS": [
					"$(OF_CORE_LIBS)",
					"$(OF_CORE_FRAMEWORKS)"
				]
			},
			"isa": "XCBuildConfiguration",
			"name": "Release"
		},
		"E4B6FCAD0C3E899E008CF71C": {
			"fileEncoding": "4",
			"isa": "PBXFileReference",
			"lastKnownFileType": "text.plist.xml",
			"path": "openFrameworks-Info.plist",
			"sourceTree": "<group>"
		},
		"E4C2427710CC5ABF004149E2": {
			"buildActionMask": "2147483647",
			"dstPath": "",
			"dstSubfolderSpec": "10",
			"files": [],
			"isa": "PBXCopyFilesBuildPhase",
			"runOnlyForDeploymentPostprocessing": "0"
		},
		"E4EB6923138AFD0F00A09F29": {
			"fileEncoding": "4",
			"isa": "PBXFileReference",
			"lastKnownFileType": "text.xcconfig",
			"path": "Project.xcconfig",
			"sourceTree": "<group>"
		},
		"EA4E20F4-8AEF-4F03-BE85-F1927C147BE4": {
			"fileEncoding": "4",
			"isa": "PBXFileReference",
			"name": "ofApp.cpp",
			"path": "ofApp.cpp",
			"sourceTree": "<group>"
		},
		"ED75921B-EF7B-46E4-9206-F342FC3F86CF": {
			"fileRef": "EA4E20F4-8AEF-4F03-BE85-F1927C147BE4",
			"isa": "PBXBuildFile"
		},
		"EF1D50EE-ABE0-4796-9CEA-8843BF3D5E7C": {
			"fileRef": "652B4714-A524-41FD-A271-184D031C0B82",
			"isa": "PBXBuildFile"
		},
		"EFF01625-DFFE-432F-A787-F050FF3F5A7B": {
			"fileEncoding": "4",
			"isa": "PBXFileReference",
			"name": "main.cpp",
			"path": "main.cpp",
			"sourceTree": "<group>"
		},
		"F0D08EBE-FC39-4F8E-A305-B3CCCB077A06": {
			"fileEncoding": "4",
			"isa": "PBXFileReference",
			"name": "ofApp.h",
			"path": "ofApp.h",
			"sourceTree": "<group>"
		}
	},
	"rootObject": "E4B69B4C0A3A1720003C02F2"
}