{
	"_OFProjectGeneratorVersion": "ofGen v0.2.5",
	"archiveVersion": "1",
	"classes": {},
	"objectVersion": "54",
	"objects": {
		"039A07FE2D53EA3200B8B21C": {
			"explicitFileType": "wrapper.application",
			"includeInIndex": "0",
			"isa": "PBXFileReference",
			"path": "MicroUICustomColorsDebug.app",
			"sourceTree": "BUILT_PRODUCTS_DIR"
		},
		"08C9B545-C2F8-4E2A-A483-6F0FC76C9FD2": {
			"fileRef": "D5B86887-D07C-457B-B6DE-AD053ECDB2D5",
			"isa": "PBXBuildFile"
		},
		"09C9428B-5A30-4021-BF79-868DA426E4E9": {
			"fileRef": "52E8F5BE-1699-455F-AA40-997F7C4924F7",
			"isa": "PBXBuildFile"
		},
		"10706A53-9254-4259-B07E-411660CF1031": {
			"children": [
				"97BBA5CB-E7E2-4B90-9DFC-011F3CDA828F"
			],
			"isa": "PBXGroup",
			"name": "ofxMicroUI",
			"path": "ofxMicroUI",
			"sourceTree": "<group>"
		},
		"191CD6FA2847E21E0085CBB6": {
			"fileEncoding": "4",
			"isa": "PBXFileReference",
			"lastKnownFileType": "text.plist.entitlements",
			"path": "of.entitlements",
			"sourceTree": "<group>"
		},
		"191EF70929D778A400F35F26": {
			"isa": "PBXFileReference",
			"lastKnownFileType": "folder",
			"name": "openFrameworks",
			"path": "../../../libs/openFrameworks",
			"sourceTree": "SOURCE_ROOT"
		},
		"19B789C429E5AB4A0082E9B8": {
			"alwaysOutOfDate": "1",
			"buildActionMask": "2147483647",
			"files": [],
			"inputFileListPaths": [],
			"inputPaths": [],
			"isa": "PBXShellScriptBuildPhase",
			"outputFileListPaths": [],
			"outputPaths": [],
			"runOnlyForDeploymentPostprocessing": "0",
			"shellPath": "/bin/sh",
			"shellScript": "\"$OF_PATH/scripts/macos/xcode_project.sh\"\n",
			"showEnvVarsInLog": "0"
		},
		"1BF6B2B1-DA12-438D-9328-5AF8DCC1B65C": {
			"fileEncoding": "4",
			"isa": "PBXFileReference",
			"lastKnownFileType": "sourcecode.cpp.h",
			"name": "tiffFastWriter.h",
			"path": "tiffFastWriter.h",
			"sourceTree": "<group>"
		},
		"22B35F4F-6F83-449B-BA4E-0882E996D73D": {
			"fileRef": "4E9667F4-A2F5-498C-ADD1-76456C52B72C",
			"isa": "PBXBuildFile"
		},
		"2AFDFE68-331B-4A92-BDF2-98D8EDA0B5A1": {
			"fileEncoding": "4",
			"isa": "PBXFileReference",
			"lastKnownFileType": "sourcecode.cpp.h",
			"name": "ofxMicroUISettings.h",
			"path": "ofxMicroUISettings.h",
			"sourceTree": "<group>"
		},
		"2BAC5F63-F838-48FA-8C25-E624EFD6B56E": {
			"fileEncoding": "4",
			"isa": "PBXFileReference",
			"lastKnownFileType": "sourcecode.cpp.h",
			"name": "ofxMicroUIRemote.h",
			"path": "ofxMicroUIRemote.h",
			"sourceTree": "<group>"
		},
		"2EBE1CF6-B7A6-447F-92B3-5B03E395F0BF": {
			"fileEncoding": "4",
			"isa": "PBXFileReference",
			"lastKnownFileType": "sourcecode.cpp.h",
			"name": "ofApp.h",
			"path": "ofApp.h",
			"sourceTree": "<group>"
		},
		"3759A394-7617-4FA9-8C96-866D1DF4CE05": {
			"fileEncoding": "4",
			"isa": "PBXFileReference",
			"lastKnownFileType": "sourcecode.cpp.h",
			"name": "incrementa.h",
			"path": "incrementa.h",
			"sourceTree": "<group>"
		},
		"492B0B90-507E-40C7-88BB-A5E1B99F7F29": {
			"children": [
				"D5B86887-D07C-457B-B6DE-AD053ECDB2D5",
				"D85C2C2A-4C31-40F1-BC9C-7150FCB4028F",
				"2EBE1CF6-B7A6-447F-92B3-5B03E395F0BF"
			],
			"isa": "PBXGroup",
			"name": "src",
			"path": "src",
			"sourceTree": "<group>"
		},
		"49C84813-97A0-4B9E-AFC3-DED79B41A522": {
			"fileRef": "D85C2C2A-4C31-40F1-BC9C-7150FCB4028F",
			"isa": "PBXBuildFile"
		},
		"4CB4C3F1-BFA0-49B8-9BDA-5605143633EF": {
			"fileRef": "9397339E-B61D-4A39-A1EC-44C86CA633AA",
			"isa": "PBXBuildFile"
		},
		"4E9667F4-A2F5-498C-ADD1-76456C52B72C": {
			"fileEncoding": "4",
			"isa": "PBXFileReference",
			"lastKnownFileType": "sourcecode.cpp.cpp",
			"name": "ofxMicroUIParseText.cpp",
			"path": "ofxMicroUIParseText.cpp",
			"sourceTree": "<group>"
		},
		"52E8F5BE-1699-455F-AA40-997F7C4924F7": {
			"fileEncoding": "4",
			"isa": "PBXFileReference",
			"lastKnownFileType": "sourcecode.cpp.cpp",
			"name": "ofxMicroUISoftware.cpp",
			"path": "ofxMicroUISoftware.cpp",
			"sourceTree": "<group>"
		},
		"645EACD4-08EA-4E7A-8C6E-0FD85294446F": {
			"fileEncoding": "4",
			"isa": "PBXFileReference",
			"lastKnownFileType": "sourcecode.cpp.h",
			"name": "ofxMicroUITools.h",
			"path": "ofxMicroUITools.h",
			"sourceTree": "<group>"
		},
		"9397339E-B61D-4A39-A1EC-44C86CA633AA": {
			"fileEncoding": "4",
			"isa": "PBXFileReference",
			"lastKnownFileType": "sourcecode.cpp.cpp",
			"name": "ofxMicroUIElements.cpp",
			"path": "ofxMicroUIElements.cpp",
			"sourceTree": "<group>"
		},
		"96B8B8FB-140C-4758-A39C-B39C2FA573DD": {
			"fileRef": "D3D49AD8-D0A1-41B8-8822-AFC41E4C35F3",
			"isa": "PBXBuildFile"
		},
		"97BBA5CB-E7E2-4B90-9DFC-011F3CDA828F": {
			"children": [
				"D3D49AD8-D0A1-41B8-8822-AFC41E4C35F3",
				"9397339E-B61D-4A39-A1EC-44C86CA633AA",
				"4E9667F4-A2F5-498C-ADD1-76456C52B72C",
				"52E8F5BE-1699-455F-AA40-997F7C4924F7",
				"3759A394-7617-4FA9-8C96-866D1DF4CE05",
				"C6515C38-74DE-454E-89F2-BE92CEFDCDC9",
				"FEA8A870-52CB-43DF-9473-C75E0CC681A6",
				"9FF40DEB-636B-4359-8DF2-0D88D4F89571",
				"2BAC5F63-F838-48FA-8C25-E624EFD6B56E",
				"2AFDFE68-331B-4A92-BDF2-98D8EDA0B5A1",
				"A0AFC2DF-2375-4986-A56F-08F77E5DB2BA",
				"F6032B19-4513-46DF-AC26-3B0122D3327E",
				"645EACD4-08EA-4E7A-8C6E-0FD85294446F",
				"1BF6B2B1-DA12-438D-9328-5AF8DCC1B65C"
			],
			"isa": "PBXGroup",
			"name": "src",
			"path": "src",
			"sourceTree": "<group>"
		},
		"9FF40DEB-636B-4359-8DF2-0D88D4F89571": {
			"fileEncoding": "4",
			"isa": "PBXFileReference",
			"lastKnownFileType": "sourcecode.cpp.h",
			"name": "ofxMicroUIParseText.h",
			"path": "ofxMicroUIParseText.h",
			"sourceTree": "<group>"
		},
		"A0AFC2DF-2375-4986-A56F-08F77E5DB2BA": {
			"fileEncoding": "4",
			"isa": "PBXFileReference",
			"lastKnownFileType": "sourcecode.cpp.h",
			"name": "ofxMicroUIShortcut.h",
			"path": "ofxMicroUIShortcut.h",
			"sourceTree": "<group>"
		},
		"BB4B014C10F69532006C3DED": {
			"children": [
				"10706A53-9254-4259-B07E-411660CF1031"
			],
			"isa": "PBXGroup",
			"name": "addons",
			"path": "../../../addons",
			"sourceTree": "SOURCE_ROOT"
		},
		"BF26640B2C634C16004360E2": {
			"alwaysOutOfDate": "1",
			"buildActionMask": "2147483647",
			"files": [],
			"inputFileListPaths": [],
			"inputPaths": [],
			"isa": "PBXShellScriptBuildPhase",
			"outputFileListPaths": [],
			"outputPaths": [],
			"runOnlyForDeploymentPostprocessing": "0",
			"shellPath": "/usr/bin/env bash",
			"shellScript": "",
			"showEnvVarsInLog": "0"
		},
		"C6515C38-74DE-454E-89F2-BE92CEFDCDC9": {
			"fileEncoding": "4",
			"isa": "PBXFileReference",
			"lastKnownFileType": "sourcecode.cpp.h",
			"name": "ofxMicroUI.h",
			"path": "ofxMicroUI.h",
			"sourceTree": "<group>"
		},
		"D3D49AD8-D0A1-41B8-8822-AFC41E4C35F3": {
			"fileEncoding": "4",
			"isa": "PBXFileReference",
			"lastKnownFileType": "sourcecode.cpp.cpp",
			"name": "ofxMicroUI.cpp",
			"path": "ofxMicroUI.cpp",
			"sourceTree": "<group>"
		},
		"D5B86887-D07C-457B-B6DE-AD053ECDB2D5": {
			"fileEncoding": "4",
			"isa": "PBXFileReference",
			"lastKnownFileType": "sourcecode.cpp.cpp",
			"name": "main.cpp",
			"path": "main.cpp",
			"sourceTree": "<group>"
		},
		"D85C2C2A-4C31-40F1-BC9C-7150FCB4028F": {
			"fileEncoding": "4",
			"isa": "PBXFileReference",
			"lastKnownFileType": "sourcecode.cpp.cpp",
			"name": "ofApp.cpp",
			"path": "ofApp.cpp",
			"sourceTree": "<group>"
		},
		"E42962A92163ECCD00A6A9E2": {
			"alwaysOutOfDate": "1",
			"buildActionMask": "2147483647",
			"files": [],
			"inputPaths": [],
			"isa": "PBXShellScriptBuildPhase",
			"name": "Run Script — Compile OF",
			"outputPaths": [],
			"runOnlyForDeploymentPostprocessing": "0",
			"shellPath": "/bin/sh",
			"shellScript": "$OF_CORE_BUILD_COMMAND\n",
			"showEnvVarsInLog": "0"
		},
		"E4752219-2074-4808-8500-1DA5079C17D9": {
			"fileEncoding": "4",
			"isa": "PBXFileReference",
			"lastKnownFileType": "folder",
			"name": "data",
			"path": "bin/data",
			"sourceTree": "SOURCE_ROOT"
		},
		"E4A5B60F29BAAAE400C2D356": {
			"buildActionMask": "2147483647",
			"dstPath": "",
			"dstSubfolderSpec": "6",
			"files": [],
			"isa": "PBXCopyFilesBuildPhase",
			"runOnlyForDeploymentPostprocessing": "0"
		},
		"E4B69B4A0A3A1720003C02F2": {
			"children": [
				"191CD6FA2847E21E0085CBB6",
				"E4B6FCAD0C3E899E008CF71C",
				"E4EB6923138AFD0F00A09F29",
				"191EF70929D778A400F35F26",
				"BB4B014C10F69532006C3DED",
				"039A07FE2D53EA3200B8B21C",
				"E4752219-2074-4808-8500-1DA5079C17D9",
				"492B0B90-507E-40C7-88BB-A5E1B99F7F29"
			],
			"isa": "PBXGroup",
			"sourceTree": "<group>"
		},
		"E4B69B4C0A3A1720003C02F2": {
			"attributes": {
				"BuildIndependentTargetsInParallel": "YES",
				"LastUpgradeCheck": "1620"
			},
			"buildConfigurationList": "E4B69B4D0A3A1720003C02F2",
			"compatibilityVersion": "Xcode 3.2",
			"developmentRegion": "en",
			"hasScannedForEncodings": "0",
			"isa": "PBXProject",
			"knownRegions": [
				"en",
				"Base"
			],
			"mainGroup": "E4B69B4A0A3A1720003C02F2",
			"productRefGroup": "E4B69B4A0A3A1720003C02F2",
			"projectDirPath": "",
			"projectRoot": "",
			"targets": [
				"E4B69B5A0A3A1756003C02F2"
			]
		},
		"E4B69B4D0A3A1720003C02F2": {
			"buildConfigurations": [
				"E4B69B4E0A3A1720003C02F2",
				"E4B69B4F0A3A1720003C02F2"
			],
			"defaultConfigurationIsVisible": "0",
			"defaultConfigurationName": "Release",
			"isa": "XCConfigurationList"
		},
		"E4B69B4E0A3A1720003C02F2": {
			"baseConfigurationReference": "E4EB6923138AFD0F00A09F29",
			"buildSettings": {
				"HEADER_SEARCH_PATHS": [
					"$(OF_CORE_HEADERS)",
					"src",
					"src",
					"../../../addons/ofxMicroUI/src"
				],
				"OTHER_LDFLAGS": [
					"$(OF_CORE_LIBS)",
					"$(OF_CORE_FRAMEWORKS)"
				]
			},
			"isa": "XCBuildConfiguration",
			"name": "Debug"
		},
		"E4B69B4F0A3A1720003C02F2": {
			"baseConfigurationReference": "E4EB6923138AFD0F00A09F29",
			"buildSettings": {
				"HEADER_SEARCH_PATHS": [
					"$(OF_CORE_HEADERS)",
					"src",
					"src",
					"../../../addons/ofxMicroUI/src"
				],
				"OTHER_LDFLAGS": [
					"$(OF_CORE_LIBS)",
					"$(OF_CORE_FRAMEWORKS)"
				]
			},
			"isa": "XCBuildConfiguration",
			"name": "Release"
		},
		"E4B69B580A3A1756003C02F2": {
			"buildActionMask": "2147483647",
			"files": [
				"08C9B545-C2F8-4E2A-A483-6F0FC76C9FD2",
				"49C84813-97A0-4B9E-AFC3-DED79B41A522",
				"96B8B8FB-140C-4758-A39C-B39C2FA573DD",
				"4CB4C3F1-BFA0-49B8-9BDA-5605143633EF",
				"22B35F4F-6F83-449B-BA4E-0882E996D73D",
				"09C9428B-5A30-4021-BF79-868DA426E4E9"
			],
			"isa": "PBXSourcesBuildPhase",
			"runOnlyForDeploymentPostprocessing": "0"
		},
		"E4B69B590A3A1756003C02F2": {
			"buildActionMask": "2147483647",
			"files": [],
			"isa": "PBXFrameworksBuildPhase",
			"runOnlyForDeploymentPostprocessing": "0"
		},
		"E4B69B5A0A3A1756003C02F2": {
			"buildConfigurationList": "E4B69B5F0A3A1757003C02F2",
			"buildPhases": [
				"BF26640B2C634C16004360E2",
				"E42962A92163ECCD00A6A9E2",
				"E4B69B580A3A1756003C02F2",
				"E4B69B590A3A1756003C02F2",
				"E4C2427710CC5ABF004149E2",
				"E4A5B60F29BAAAE400C2D356",
				"19B789C429E5AB4A0082E9B8"
			],
			"buildRules": [],
			"dependencies": [],
			"isa": "PBXNativeTarget",
			"name": "MicroUICustomColors",
			"productName": "myOFApp",
			"productReference": "039A07FE2D53EA3200B8B21C",
			"productType": "com.apple.product-type.application"
		},
		"E4B69B5F0A3A1757003C02F2": {
			"buildConfigurations": [
				"E4B69B600A3A1757003C02F2",
				"E4B69B610A3A1757003C02F2"
			],
			"defaultConfigurationIsVisible": "0",
			"defaultConfigurationName": "Release",
			"isa": "XCConfigurationList"
		},
		"E4B69B600A3A1757003C02F2": {
			"baseConfigurationReference": "E4EB6923138AFD0F00A09F29",
			"buildSettings": {
				"ENABLE_HARDENED_RUNTIME": "YES",
				"HEADER_SEARCH_PATHS": [
					"$(OF_CORE_HEADERS)",
					"src",
					"src",
					"../../../addons/ofxMicroUI/src"
				],
				"OTHER_LDFLAGS": [
					"$(OF_CORE_LIBS)",
					"$(OF_CORE_FRAMEWORKS)"
				]
			},
			"isa": "XCBuildConfiguration",
			"name": "Debug"
		},
		"E4B69B610A3A1757003C02F2": {
			"baseConfigurationReference": "E4EB6923138AFD0F00A09F29",
			"buildSettings": {
				"ENABLE_HARDENED_RUNTIME": "YES",
				"HEADER_SEARCH_PATHS": [
					"$(OF_CORE_HEADERS)",
					"src",
					"src",
					"../../../addons/ofxMicroUI/src"
				],
				"OTHER_LDFLAGS": [
					"$(OF_CORE_LIBS)",
					"$(OF_CORE_FRAMEWORKS)"
				]
			},
			"isa": "XCBuildConfiguration",
			"name": "Release"
		},
		"E4B6FCAD0C3E899E008CF71C": {
			"fileEncoding": "4",
			"isa": "PBXFileReference",
			"lastKnownFileType": "text.plist.xml",
			"path": "openFrameworks-Info.plist",
			"sourceTree": "<group>"
		},
		"E4C2427710CC5ABF004149E2": {
			"buildActionMask": "2147483647",
			"dstPath": "",
			"dstSubfolderSpec": "10",
			"files": [],
			"isa": "PBXCopyFilesBuildPhase",
			"runOnlyForDeploymentPostprocessing": "0"
		},
		"E4EB6923138AFD0F00A09F29": {
			"fileEncoding": "4",
			"isa": "PBXFileReference",
			"lastKnownFileType": "text.xcconfig",
			"path": "Project.xcconfig",
			"sourceTree": "<group>"
		},
		"F6032B19-4513-46DF-AC26-3B0122D3327E": {
			"fileEncoding": "4",
			"isa": "PBXFileReference",
			"lastKnownFileType": "sourcecode.cpp.h",
			"name": "ofxMicroUISoftware.h",
			"path": "ofxMicroUISoftware.h",
			"sourceTree": "<group>"
		},
		"FEA8A870-52CB-43DF-9473-C75E0CC681A6": {
			"fileEncoding": "4",
			"isa": "PBXFileReference",
			"lastKnownFileType": "sourcecode.cpp.h",
			"name": "ofxMicroUIElements.h",
			"path": "ofxMicroUIElements.h",
			"sourceTree": "<group>"
		}
	},
	"rootObject": "E4B69B4C0A3A1720003C02F2"
}