{
	"_OFProjectGeneratorVersion": "ofGen v0.3.8",
	"archiveVersion": "1",
	"classes": {},
	"objectVersion": "54",
	"objects": {
		"00682078-9A93-49FE-8611-BD471E11FD40": {
			"fileEncoding": "4",
			"isa": "PBXFileReference",
			"name": "OscOutboundPacketStream.cpp",
			"path": "OscOutboundPacketStream.cpp",
			"sourceTree": "<group>"
		},
		"039A07FE2D53EA3200B8B21C": {
			"explicitFileType": "wrapper.application",
			"includeInIndex": "0",
			"isa": "PBXFileReference",
			"path": "MicroUIRemoteDebug.app",
			"sourceTree": "BUILT_PRODUCTS_DIR"
		},
		"0471D69E-48E2-49A5-ABE7-59BB586AAFE4": {
			"children": [
				"8F7A0142-2AB8-4371-B4E3-A149FCF803C9",
				"90BFB69C-2F02-4A22-A81C-47EB92AABFBF",
				"44C9666F-B523-4AAC-AACE-F2ECD212AB21",
				"C478A90D-5528-4241-A3EF-6F2C465222AF",
				"FAF361C2-7481-48CE-8D06-18E32F755225",
				"F77A14B8-E024-4BDF-B563-2F6EA7885B92",
				"F9906C50-0C2E-450F-9DD0-ABC66DD9806A",
				"17CA7BDF-3761-4FB2-9204-FCB35C9539EF",
				"B5E91E0A-3D8E-4616-906B-D99E605C134C",
				"07E71389-550D-449A-9789-3212FB2D8CDA",
				"D2430114-998A-4D13-AD0F-9D6A1060C012",
				"B7975281-E8A5-467D-84C2-413BDAA748F5"
			],
			"isa": "PBXGroup",
			"name": "src",
			"path": "src",
			"sourceTree": "<group>"
		},
		"049B408C-AA31-4FDE-90B9-708C68FC497D": {
			"fileEncoding": "4",
			"isa": "PBXFileReference",
			"name": "incrementa.h",
			"path": "incrementa.h",
			"sourceTree": "<group>"
		},
		"05632828-F0FF-4419-9281-73A4AFF72284": {
			"fileEncoding": "4",
			"isa": "PBXFileReference",
			"name": "ofxMicroUIElements.h",
			"path": "ofxMicroUIElements.h",
			"sourceTree": "<group>"
		},
		"058F379B-6F28-4491-8F4D-9CBFDF474C59": {
			"fileRef": "9C1AAE4C-5D06-4150-B01C-70AB62E420F3",
			"isa": "PBXBuildFile"
		},
		"07E71389-550D-449A-9789-3212FB2D8CDA": {
			"fileEncoding": "4",
			"isa": "PBXFileReference",
			"name": "ofxOscParameterSync.h",
			"path": "ofxOscParameterSync.h",
			"sourceTree": "<group>"
		},
		"08D6C44D-8F0B-4F45-83B7-00A93F42D845": {
			"fileEncoding": "4",
			"isa": "PBXFileReference",
			"name": "tiffFastWriter.h",
			"path": "tiffFastWriter.h",
			"sourceTree": "<group>"
		},
		"0BC26156-9125-424F-AC65-03E87098B76B": {
			"fileEncoding": "4",
			"isa": "PBXFileReference",
			"name": "ofxMicroUIShortcut.h",
			"path": "ofxMicroUIShortcut.h",
			"sourceTree": "<group>"
		},
		"0FE0C0A1-6CED-4C8F-94B4-1115C71565EB": {
			"fileEncoding": "4",
			"isa": "PBXFileReference",
			"name": "OscOutboundPacketStream.h",
			"path": "OscOutboundPacketStream.h",
			"sourceTree": "<group>"
		},
		"135C5C5B-DE18-4B93-A207-0ED7DA9BF7CD": {
			"fileRef": "DB2C3AC3-9D34-426D-B259-51A07D650287",
			"isa": "PBXBuildFile"
		},
		"17CA7BDF-3761-4FB2-9204-FCB35C9539EF": {
			"fileEncoding": "4",
			"isa": "PBXFileReference",
			"name": "ofxOscBundle.h",
			"path": "ofxOscBundle.h",
			"sourceTree": "<group>"
		},
		"191CD6FA2847E21E0085CBB6": {
			"fileEncoding": "4",
			"isa": "PBXFileReference",
			"lastKnownFileType": "text.plist.entitlements",
			"path": "of.entitlements",
			"sourceTree": "<group>"
		},
		"191EF70929D778A400F35F26": {
			"isa": "PBXFileReference",
			"lastKnownFileType": "folder",
			"name": "openFrameworks",
			"path": "../../../libs/openFrameworks",
			"sourceTree": "SOURCE_ROOT"
		},
		"19B789C429E5AB4A0082E9B8": {
			"alwaysOutOfDate": "1",
			"buildActionMask": "2147483647",
			"files": [],
			"inputFileListPaths": [],
			"inputPaths": [],
			"isa": "PBXShellScriptBuildPhase",
			"outputFileListPaths": [],
			"outputPaths": [],
			"runOnlyForDeploymentPostprocessing": "0",
			"shellPath": "/bin/sh",
			"shellScript": "\"$OF_PATH/scripts/macos/xcode_project.sh\"\n",
			"showEnvVarsInLog": "0"
		},
		"25EA6B93-B1BB-4F0A-8AA9-3FBBDB12F8A4": {
			"fileRef": "5EF71A66-B61F-4069-AC67-137F7688B586",
			"isa": "PBXBuildFile"
		},
		"282BF207-75FD-48AF-A387-0BF9FA34E36F": {
			"children": [
				"D632A6E6-B9B8-44D6-873A-1EA93468BB96"
			],
			"isa": "PBXGroup",
			"name": "oscpack",
			"path": "oscpack",
			"sourceTree": "<group>"
		},
		"2B0EE03F-513D-41F9-A095-FDFE87AAD53A": {
			"children": [
				"282BF207-75FD-48AF-A387-0BF9FA34E36F"
			],
			"isa": "PBXGroup",
			"name": "libs",
			"path": "libs",
			"sourceTree": "<group>"
		},
		"2D77A1A6-CBBD-4CD1-9D8A-5D6ED5C37F6B": {
			"fileEncoding": "4",
			"isa": "PBXFileReference",
			"name": "OscTypes.h",
			"path": "OscTypes.h",
			"sourceTree": "<group>"
		},
		"2DA04023-CF4E-4FD4-9EFD-81D49B2907A7": {
			"fileEncoding": "4",
			"isa": "PBXFileReference",
			"name": "IpEndpointName.cpp",
			"path": "IpEndpointName.cpp",
			"sourceTree": "<group>"
		},
		"2DBBA87D-94C4-4244-8859-E8E71D56A141": {
			"children": [
				"9C1AAE4C-5D06-4150-B01C-70AB62E420F3",
				"5EF71A66-B61F-4069-AC67-137F7688B586",
				"A9969092-27BE-4D99-90B0-AA6E9E1755B0",
				"5C692BCF-F901-4DA6-A145-32569DF84D54",
				"049B408C-AA31-4FDE-90B9-708C68FC497D",
				"56F89D3B-4C97-4B5B-AC4A-E9A4EB55A94D",
				"05632828-F0FF-4419-9281-73A4AFF72284",
				"DB83D2CA-1AFA-4FDC-9907-41B29AFB7039",
				"3A91F8A2-4A3F-4014-8AA0-402A268F935A",
				"516A41AE-DC61-4DD2-8CDB-3BECB8D7C4AA",
				"0BC26156-9125-424F-AC65-03E87098B76B",
				"C8774609-79E3-425A-AEB8-4E785CBF78AA",
				"8B1BCE37-8EB4-4E10-B5F7-2C6A541C4A76",
				"08D6C44D-8F0B-4F45-83B7-00A93F42D845"
			],
			"isa": "PBXGroup",
			"name": "src",
			"path": "src",
			"sourceTree": "<group>"
		},
		"374F37F1-B86F-4DE8-A38A-1F9B6EF79235": {
			"children": [
				"2DBBA87D-94C4-4244-8859-E8E71D56A141"
			],
			"isa": "PBXGroup",
			"name": "ofxMicroUI",
			"path": "ofxMicroUI",
			"sourceTree": "<group>"
		},
		"3A67FF6A-3049-4098-BAB4-85E795A64BE4": {
			"fileRef": "7B86807B-4F2C-44CD-9761-BC326235CB83",
			"isa": "PBXBuildFile"
		},
		"3A91F8A2-4A3F-4014-8AA0-402A268F935A": {
			"fileEncoding": "4",
			"isa": "PBXFileReference",
			"name": "ofxMicroUIRemote.h",
			"path": "ofxMicroUIRemote.h",
			"sourceTree": "<group>"
		},
		"3BD4D1E4-892F-40D1-8F80-2D397B0A3BE0": {
			"children": [
				"2DA04023-CF4E-4FD4-9EFD-81D49B2907A7",
				"9B211E2B-7DBF-4980-A62F-C820B8F226C5",
				"52D146E6-EEE3-4617-8635-2876C43A8536",
				"8EEC1742-D065-455E-A705-B7E7BE55E157",
				"84B69425-90D8-42FD-AFFD-34DFAB5C7443",
				"42B7C66F-674A-45BA-814B-F74A16D3067C",
				"64F4957D-1296-456B-9CBA-2D937816B0D0"
			],
			"isa": "PBXGroup",
			"name": "ip",
			"path": "ip",
			"sourceTree": "<group>"
		},
		"40AB8FF4-B76B-4EDB-8245-8388FC7A07C3": {
			"fileEncoding": "4",
			"isa": "PBXFileReference",
			"name": "NetworkingUtils.cpp",
			"path": "NetworkingUtils.cpp",
			"sourceTree": "<group>"
		},
		"42B7C66F-674A-45BA-814B-F74A16D3067C": {
			"fileEncoding": "4",
			"isa": "PBXFileReference",
			"name": "TimerListener.h",
			"path": "TimerListener.h",
			"sourceTree": "<group>"
		},
		"44C9666F-B523-4AAC-AACE-F2ECD212AB21": {
			"fileEncoding": "4",
			"isa": "PBXFileReference",
			"name": "ofxOscParameterSync.cpp",
			"path": "ofxOscParameterSync.cpp",
			"sourceTree": "<group>"
		},
		"49672A66-10A4-4CD3-901B-9D36AE9BBABE": {
			"fileRef": "8F7A0142-2AB8-4371-B4E3-A149FCF803C9",
			"isa": "PBXBuildFile"
		},
		"4D62C012-C1D6-4DA2-A9D9-E9BE086B2448": {
			"fileRef": "44C9666F-B523-4AAC-AACE-F2ECD212AB21",
			"isa": "PBXBuildFile"
		},
		"4FE79D3F-D529-4410-85B9-384EB15B63B8": {
			"fileRef": "A9969092-27BE-4D99-90B0-AA6E9E1755B0",
			"isa": "PBXBuildFile"
		},
		"516A41AE-DC61-4DD2-8CDB-3BECB8D7C4AA": {
			"fileEncoding": "4",
			"isa": "PBXFileReference",
			"name": "ofxMicroUISettings.h",
			"path": "ofxMicroUISettings.h",
			"sourceTree": "<group>"
		},
		"5204FE17-AC3A-41BD-9F6D-2562F41C680F": {
			"fileRef": "C478A90D-5528-4241-A3EF-6F2C465222AF",
			"isa": "PBXBuildFile"
		},
		"52D146E6-EEE3-4617-8635-2876C43A8536": {
			"fileEncoding": "4",
			"isa": "PBXFileReference",
			"name": "IpEndpointName.h",
			"path": "IpEndpointName.h",
			"sourceTree": "<group>"
		},
		"56F89D3B-4C97-4B5B-AC4A-E9A4EB55A94D": {
			"fileEncoding": "4",
			"isa": "PBXFileReference",
			"name": "ofxMicroUI.h",
			"path": "ofxMicroUI.h",
			"sourceTree": "<group>"
		},
		"5811113A-11CB-4131-BAF2-DFCB8ACB1838": {
			"fileRef": "5E373A8E-E277-41D7-B497-2B97FACDC7DC",
			"isa": "PBXBuildFile"
		},
		"58AC5635-B293-4C20-9BEC-5BC6F0C0C6DA": {
			"fileRef": "FAF361C2-7481-48CE-8D06-18E32F755225",
			"isa": "PBXBuildFile"
		},
		"5C692BCF-F901-4DA6-A145-32569DF84D54": {
			"fileEncoding": "4",
			"isa": "PBXFileReference",
			"name": "ofxMicroUISoftware.cpp",
			"path": "ofxMicroUISoftware.cpp",
			"sourceTree": "<group>"
		},
		"5E373A8E-E277-41D7-B497-2B97FACDC7DC": {
			"fileEncoding": "4",
			"isa": "PBXFileReference",
			"name": "ofApp.cpp",
			"path": "ofApp.cpp",
			"sourceTree": "<group>"
		},
		"5EF71A66-B61F-4069-AC67-137F7688B586": {
			"fileEncoding": "4",
			"isa": "PBXFileReference",
			"name": "ofxMicroUIElements.cpp",
			"path": "ofxMicroUIElements.cpp",
			"sourceTree": "<group>"
		},
		"64F4957D-1296-456B-9CBA-2D937816B0D0": {
			"fileEncoding": "4",
			"isa": "PBXFileReference",
			"name": "UdpSocket.h",
			"path": "UdpSocket.h",
			"sourceTree": "<group>"
		},
		"6C77DB37-0280-43A2-8C58-6C4A5EA90F4C": {
			"fileEncoding": "4",
			"isa": "PBXFileReference",
			"name": "MessageMappingOscPacketListener.h",
			"path": "MessageMappingOscPacketListener.h",
			"sourceTree": "<group>"
		},
		"6E893AE3-7E81-4060-A8DC-F524FFB0995D": {
			"fileRef": "906609B9-35C7-4098-8B73-7ED7097CFDA5",
			"isa": "PBXBuildFile"
		},
		"77085A25-B24C-422D-B639-6B13DD0F3A4C": {
			"fileRef": "E44A88B6-4684-4F1C-8DC2-3506EAA7F6B2",
			"isa": "PBXBuildFile"
		},
		"7B86807B-4F2C-44CD-9761-BC326235CB83": {
			"fileEncoding": "4",
			"isa": "PBXFileReference",
			"name": "main.cpp",
			"path": "main.cpp",
			"sourceTree": "<group>"
		},
		"8093C9DA-E025-487A-B325-CE886AD0F396": {
			"fileEncoding": "4",
			"isa": "PBXFileReference",
			"name": "OscReceivedElements.h",
			"path": "OscReceivedElements.h",
			"sourceTree": "<group>"
		},
		"84B69425-90D8-42FD-AFFD-34DFAB5C7443": {
			"fileEncoding": "4",
			"isa": "PBXFileReference",
			"name": "PacketListener.h",
			"path": "PacketListener.h",
			"sourceTree": "<group>"
		},
		"8B1BCE37-8EB4-4E10-B5F7-2C6A541C4A76": {
			"fileEncoding": "4",
			"isa": "PBXFileReference",
			"name": "ofxMicroUITools.h",
			"path": "ofxMicroUITools.h",
			"sourceTree": "<group>"
		},
		"8CCD8E42-A325-4828-BB98-78F9D3549B90": {
			"fileRef": "40AB8FF4-B76B-4EDB-8245-8388FC7A07C3",
			"isa": "PBXBuildFile"
		},
		"8EEC1742-D065-455E-A705-B7E7BE55E157": {
			"fileEncoding": "4",
			"isa": "PBXFileReference",
			"name": "NetworkingUtils.h",
			"path": "NetworkingUtils.h",
			"sourceTree": "<group>"
		},
		"8F7A0142-2AB8-4371-B4E3-A149FCF803C9": {
			"fileEncoding": "4",
			"isa": "PBXFileReference",
			"name": "ofxOscBundle.cpp",
			"path": "ofxOscBundle.cpp",
			"sourceTree": "<group>"
		},
		"906609B9-35C7-4098-8B73-7ED7097CFDA5": {
			"fileEncoding": "4",
			"isa": "PBXFileReference",
			"name": "OscTypes.cpp",
			"path": "OscTypes.cpp",
			"sourceTree": "<group>"
		},
		"90BFB69C-2F02-4A22-A81C-47EB92AABFBF": {
			"fileEncoding": "4",
			"isa": "PBXFileReference",
			"name": "ofxOscMessage.cpp",
			"path": "ofxOscMessage.cpp",
			"sourceTree": "<group>"
		},
		"9B211E2B-7DBF-4980-A62F-C820B8F226C5": {
			"children": [
				"40AB8FF4-B76B-4EDB-8245-8388FC7A07C3",
				"E44A88B6-4684-4F1C-8DC2-3506EAA7F6B2"
			],
			"isa": "PBXGroup",
			"name": "posix",
			"path": "posix",
			"sourceTree": "<group>"
		},
		"9C1AAE4C-5D06-4150-B01C-70AB62E420F3": {
			"fileEncoding": "4",
			"isa": "PBXFileReference",
			"name": "ofxMicroUI.cpp",
			"path": "ofxMicroUI.cpp",
			"sourceTree": "<group>"
		},
		"9DA78D14-2BC9-4CBA-AD1A-77B5D7529673": {
			"fileRef": "2DA04023-CF4E-4FD4-9EFD-81D49B2907A7",
			"isa": "PBXBuildFile"
		},
		"A8211F6F-17CB-4121-8154-A137DF4A5F5D": {
			"fileRef": "00682078-9A93-49FE-8611-BD471E11FD40",
			"isa": "PBXBuildFile"
		},
		"A9969092-27BE-4D99-90B0-AA6E9E1755B0": {
			"fileEncoding": "4",
			"isa": "PBXFileReference",
			"name": "ofxMicroUIParseText.cpp",
			"path": "ofxMicroUIParseText.cpp",
			"sourceTree": "<group>"
		},
		"ACA616D1-9C25-4916-B41C-7D97045FD6C1": {
			"fileEncoding": "4",
			"isa": "PBXFileReference",
			"name": "ofApp.h",
			"path": "ofApp.h",
			"sourceTree": "<group>"
		},
		"B5E91E0A-3D8E-4616-906B-D99E605C134C": {
			"fileEncoding": "4",
			"isa": "PBXFileReference",
			"name": "ofxOscMessage.h",
			"path": "ofxOscMessage.h",
			"sourceTree": "<group>"
		},
		"B7975281-E8A5-467D-84C2-413BDAA748F5": {
			"fileEncoding": "4",
			"isa": "PBXFileReference",
			"name": "ofxOscSender.h",
			"path": "ofxOscSender.h",
			"sourceTree": "<group>"
		},
		"B7D600C6-2952-48D2-BAC4-F50C653C6095": {
			"fileEncoding": "4",
			"isa": "PBXFileReference",
			"name": "OscPacketListener.h",
			"path": "OscPacketListener.h",
			"sourceTree": "<group>"
		},
		"B9EFCD51-8AF2-4F10-9C96-2FDAC758DC2E": {
			"children": [
				"2B0EE03F-513D-41F9-A095-FDFE87AAD53A",
				"0471D69E-48E2-49A5-ABE7-59BB586AAFE4"
			],
			"isa": "PBXGroup",
			"name": "ofxOsc",
			"path": "ofxOsc",
			"sourceTree": "<group>"
		},
		"BB4B014C10F69532006C3DED": {
			"children": [
				"374F37F1-B86F-4DE8-A38A-1F9B6EF79235",
				"B9EFCD51-8AF2-4F10-9C96-2FDAC758DC2E"
			],
			"isa": "PBXGroup",
			"name": "addons",
			"path": "../../../addons",
			"sourceTree": "SOURCE_ROOT"
		},
		"BC8C0A25-D46F-43A6-8720-A7DF05D697C0": {
			"children": [
				"7B86807B-4F2C-44CD-9761-BC326235CB83",
				"5E373A8E-E277-41D7-B497-2B97FACDC7DC",
				"ACA616D1-9C25-4916-B41C-7D97045FD6C1"
			],
			"isa": "PBXGroup",
			"name": "src",
			"path": "src",
			"sourceTree": "<group>"
		},
		"BF26640B2C634C16004360E2": {
			"alwaysOutOfDate": "1",
			"buildActionMask": "2147483647",
			"files": [],
			"inputFileListPaths": [],
			"inputPaths": [],
			"isa": "PBXShellScriptBuildPhase",
			"outputFileListPaths": [],
			"outputPaths": [],
			"runOnlyForDeploymentPostprocessing": "0",
			"shellPath": "/usr/bin/env bash",
			"shellScript": "",
			"showEnvVarsInLog": "0"
		},
		"C478A90D-5528-4241-A3EF-6F2C465222AF": {
			"fileEncoding": "4",
			"isa": "PBXFileReference",
			"name": "ofxOscReceiver.cpp",
			"path": "ofxOscReceiver.cpp",
			"sourceTree": "<group>"
		},
		"C8774609-79E3-425A-AEB8-4E785CBF78AA": {
			"fileEncoding": "4",
			"isa": "PBXFileReference",
			"name": "ofxMicroUISoftware.h",
			"path": "ofxMicroUISoftware.h",
			"sourceTree": "<group>"
		},
		"CC1E9D70-3234-4A4F-9795-C2E64C4C15DE": {
			"children": [
				"00682078-9A93-49FE-8611-BD471E11FD40",
				"DF2C815B-BCE3-40F2-A372-EF973589B18B",
				"DB2C3AC3-9D34-426D-B259-51A07D650287",
				"906609B9-35C7-4098-8B73-7ED7097CFDA5",
				"6C77DB37-0280-43A2-8C58-6C4A5EA90F4C",
				"DDB03C27-653D-4DBE-8145-FB443236AE67",
				"E061A147-3EB2-46D6-89FA-A0A512EA61C9",
				"0FE0C0A1-6CED-4C8F-94B4-1115C71565EB",
				"B7D600C6-2952-48D2-BAC4-F50C653C6095",
				"F0DC8CB0-2242-4A8F-818D-1ADB9F42D2F3",
				"8093C9DA-E025-487A-B325-CE886AD0F396",
				"2D77A1A6-CBBD-4CD1-9D8A-5D6ED5C37F6B"
			],
			"isa": "PBXGroup",
			"name": "osc",
			"path": "osc",
			"sourceTree": "<group>"
		},
		"CEAC74CF-0565-4D4C-AC22-51A5BFC41B63": {
			"fileRef": "90BFB69C-2F02-4A22-A81C-47EB92AABFBF",
			"isa": "PBXBuildFile"
		},
		"D2430114-998A-4D13-AD0F-9D6A1060C012": {
			"fileEncoding": "4",
			"isa": "PBXFileReference",
			"name": "ofxOscReceiver.h",
			"path": "ofxOscReceiver.h",
			"sourceTree": "<group>"
		},
		"D632A6E6-B9B8-44D6-873A-1EA93468BB96": {
			"children": [
				"3BD4D1E4-892F-40D1-8F80-2D397B0A3BE0",
				"CC1E9D70-3234-4A4F-9795-C2E64C4C15DE"
			],
			"isa": "PBXGroup",
			"name": "src",
			"path": "src",
			"sourceTree": "<group>"
		},
		"DB2C3AC3-9D34-426D-B259-51A07D650287": {
			"fileEncoding": "4",
			"isa": "PBXFileReference",
			"name": "OscReceivedElements.cpp",
			"path": "OscReceivedElements.cpp",
			"sourceTree": "<group>"
		},
		"DB83D2CA-1AFA-4FDC-9907-41B29AFB7039": {
			"fileEncoding": "4",
			"isa": "PBXFileReference",
			"name": "ofxMicroUIParseText.h",
			"path": "ofxMicroUIParseText.h",
			"sourceTree": "<group>"
		},
		"DDB03C27-653D-4DBE-8145-FB443236AE67": {
			"fileEncoding": "4",
			"isa": "PBXFileReference",
			"name": "OscException.h",
			"path": "OscException.h",
			"sourceTree": "<group>"
		},
		"DF2C815B-BCE3-40F2-A372-EF973589B18B": {
			"fileEncoding": "4",
			"isa": "PBXFileReference",
			"name": "OscPrintReceivedElements.cpp",
			"path": "OscPrintReceivedElements.cpp",
			"sourceTree": "<group>"
		},
		"E04DB1A2-C653-481D-8088-23937CBC9CD6": {
			"fileRef": "5C692BCF-F901-4DA6-A145-32569DF84D54",
			"isa": "PBXBuildFile"
		},
		"E061A147-3EB2-46D6-89FA-A0A512EA61C9": {
			"fileEncoding": "4",
			"isa": "PBXFileReference",
			"name": "OscHostEndianness.h",
			"path": "OscHostEndianness.h",
			"sourceTree": "<group>"
		},
		"E42962A92163ECCD00A6A9E2": {
			"alwaysOutOfDate": "1",
			"buildActionMask": "2147483647",
			"files": [],
			"inputPaths": [],
			"isa": "PBXShellScriptBuildPhase",
			"name": "Run Script — Compile OF",
			"outputPaths": [],
			"runOnlyForDeploymentPostprocessing": "0",
			"shellPath": "/bin/sh",
			"shellScript": "$OF_CORE_BUILD_COMMAND\n",
			"showEnvVarsInLog": "0"
		},
		"E44A88B6-4684-4F1C-8DC2-3506EAA7F6B2": {
			"fileEncoding": "4",
			"isa": "PBXFileReference",
			"name": "UdpSocket.cpp",
			"path": "UdpSocket.cpp",
			"sourceTree": "<group>"
		},
		"E4A5B60F29BAAAE400C2D356": {
			"buildActionMask": "2147483647",
			"dstPath": "",
			"dstSubfolderSpec": "6",
			"files": [],
			"isa": "PBXCopyFilesBuildPhase",
			"runOnlyForDeploymentPostprocessing": "0"
		},
		"E4B69B4A0A3A1720003C02F2": {
			"children": [
				"191CD6FA2847E21E0085CBB6",
				"E4B6FCAD0C3E899E008CF71C",
				"E4EB6923138AFD0F00A09F29",
				"191EF70929D778A400F35F26",
				"BB4B014C10F69532006C3DED",
				"039A07FE2D53EA3200B8B21C",
				"BC8C0A25-D46F-43A6-8720-A7DF05D697C0"
			],
			"isa": "PBXGroup",
			"sourceTree": "<group>"
		},
		"E4B69B4C0A3A1720003C02F2": {
			"attributes": {
				"BuildIndependentTargetsInParallel": "YES",
				"LastUpgradeCheck": "1620"
			},
			"buildConfigurationList": "E4B69B4D0A3A1720003C02F2",
			"compatibilityVersion": "Xcode 3.2",
			"developmentRegion": "en",
			"hasScannedForEncodings": "0",
			"isa": "PBXProject",
			"knownRegions": [
				"en",
				"Base"
			],
			"mainGroup": "E4B69B4A0A3A1720003C02F2",
			"productRefGroup": "E4B69B4A0A3A1720003C02F2",
			"projectDirPath": "",
			"projectRoot": "",
			"targets": [
				"E4B69B5A0A3A1756003C02F2"
			]
		},
		"E4B69B4D0A3A1720003C02F2": {
			"buildConfigurations": [
				"E4B69B4E0A3A1720003C02F2",
				"E4B69B4F0A3A1720003C02F2"
			],
			"defaultConfigurationIsVisible": "0",
			"defaultConfigurationName": "Release",
			"isa": "XCConfigurationList"
		},
		"E4B69B4E0A3A1720003C02F2": {
			"baseConfigurationReference": "E4EB6923138AFD0F00A09F29",
			"buildSettings": {
				"HEADER_SEARCH_PATHS": [
					"$(OF_CORE_HEADERS)",
					"src"
				],
				"OTHER_LDFLAGS": [
					"$(OF_CORE_LIBS)",
					"$(OF_CORE_FRAMEWORKS)"
				]
			},
			"isa": "XCBuildConfiguration",
			"name": "Debug"
		},
		"E4B69B4F0A3A1720003C02F2": {
			"baseConfigurationReference": "E4EB6923138AFD0F00A09F29",
			"buildSettings": {
				"HEADER_SEARCH_PATHS": [
					"$(OF_CORE_HEADERS)",
					"src"
				],
				"OTHER_LDFLAGS": [
					"$(OF_CORE_LIBS)",
					"$(OF_CORE_FRAMEWORKS)"
				]
			},
			"isa": "XCBuildConfiguration",
			"name": "Release"
		},
		"E4B69B580A3A1756003C02F2": {
			"buildActionMask": "2147483647",
			"files": [
				"3A67FF6A-3049-4098-BAB4-85E795A64BE4",
				"5811113A-11CB-4131-BAF2-DFCB8ACB1838",
				"058F379B-6F28-4491-8F4D-9CBFDF474C59",
				"25EA6B93-B1BB-4F0A-8AA9-3FBBDB12F8A4",
				"4FE79D3F-D529-4410-85B9-384EB15B63B8",
				"E04DB1A2-C653-481D-8088-23937CBC9CD6",
				"9DA78D14-2BC9-4CBA-AD1A-77B5D7529673",
				"8CCD8E42-A325-4828-BB98-78F9D3549B90",
				"77085A25-B24C-422D-B639-6B13DD0F3A4C",
				"A8211F6F-17CB-4121-8154-A137DF4A5F5D",
				"F3D31461-6C83-40D9-B719-4235D7392064",
				"135C5C5B-DE18-4B93-A207-0ED7DA9BF7CD",
				"6E893AE3-7E81-4060-A8DC-F524FFB0995D",
				"49672A66-10A4-4CD3-901B-9D36AE9BBABE",
				"CEAC74CF-0565-4D4C-AC22-51A5BFC41B63",
				"4D62C012-C1D6-4DA2-A9D9-E9BE086B2448",
				"5204FE17-AC3A-41BD-9F6D-2562F41C680F",
				"58AC5635-B293-4C20-9BEC-5BC6F0C0C6DA"
			],
			"isa": "PBXSourcesBuildPhase",
			"runOnlyForDeploymentPostprocessing": "0"
		},
		"E4B69B590A3A1756003C02F2": {
			"buildActionMask": "2147483647",
			"files": [],
			"isa": "PBXFrameworksBuildPhase",
			"runOnlyForDeploymentPostprocessing": "0"
		},
		"E4B69B5A0A3A1756003C02F2": {
			"buildConfigurationList": "E4B69B5F0A3A1757003C02F2",
			"buildPhases": [
				"BF26640B2C634C16004360E2",
				"E42962A92163ECCD00A6A9E2",
				"E4B69B580A3A1756003C02F2",
				"E4B69B590A3A1756003C02F2",
				"E4C2427710CC5ABF004149E2",
				"E4A5B60F29BAAAE400C2D356",
				"19B789C429E5AB4A0082E9B8"
			],
			"buildRules": [],
			"dependencies": [],
			"isa": "PBXNativeTarget",
			"name": "MicroUIRemote",
			"productName": "myOFApp",
			"productReference": "039A07FE2D53EA3200B8B21C",
			"productType": "com.apple.product-type.application"
		},
		"E4B69B5B0A3A1756003C02F2": {
			"path": "MicroUIRemoteDebug.app"
		},
		"E4B69B5F0A3A1757003C02F2": {
			"buildConfigurations": [
				"E4B69B600A3A1757003C02F2",
				"E4B69B610A3A1757003C02F2"
			],
			"defaultConfigurationIsVisible": "0",
			"defaultConfigurationName": "Release",
			"isa": "XCConfigurationList"
		},
		"E4B69B600A3A1757003C02F2": {
			"baseConfigurationReference": "E4EB6923138AFD0F00A09F29",
			"buildSettings": {
				"ENABLE_HARDENED_RUNTIME": "YES",
				"HEADER_SEARCH_PATHS": [
					"$(OF_CORE_HEADERS)",
					"src",
					"src",
					"../../../addons/ofxMicroUI/src",
					"../../../addons/ofxOsc/libs",
					"../../../addons/ofxOsc/libs/oscpack",
					"../../../addons/ofxOsc/libs/oscpack/src",
					"../../../addons/ofxOsc/libs/oscpack/src/ip",
					"../../../addons/ofxOsc/libs/oscpack/src/ip/posix",
					"../../../addons/ofxOsc/libs/oscpack/src/osc",
					"../../../addons/ofxOsc/src"
				],
				"OTHER_LDFLAGS": [
					"$(OF_CORE_LIBS)",
					"$(OF_CORE_FRAMEWORKS)"
				]
			},
			"isa": "XCBuildConfiguration",
			"name": "Debug"
		},
		"E4B69B610A3A1757003C02F2": {
			"baseConfigurationReference": "E4EB6923138AFD0F00A09F29",
			"buildSettings": {
				"ENABLE_HARDENED_RUNTIME": "YES",
				"HEADER_SEARCH_PATHS": [
					"$(OF_CORE_HEADERS)",
					"src",
					"src",
					"../../../addons/ofxMicroUI/src",
					"../../../addons/ofxOsc/libs",
					"../../../addons/ofxOsc/libs/oscpack",
					"../../../addons/ofxOsc/libs/oscpack/src",
					"../../../addons/ofxOsc/libs/oscpack/src/ip",
					"../../../addons/ofxOsc/libs/oscpack/src/ip/posix",
					"../../../addons/ofxOsc/libs/oscpack/src/osc",
					"../../../addons/ofxOsc/src"
				],
				"OTHER_LDFLAGS": [
					"$(OF_CORE_LIBS)",
					"$(OF_CORE_FRAMEWORKS)"
				]
			},
			"isa": "XCBuildConfiguration",
			"name": "Release"
		},
		"E4B6FCAD0C3E899E008CF71C": {
			"fileEncoding": "4",
			"isa": "PBXFileReference",
			"lastKnownFileType": "text.plist.xml",
			"path": "openFrameworks-Info.plist",
			"sourceTree": "<group>"
		},
		"E4C2427710CC5ABF004149E2": {
			"buildActionMask": "2147483647",
			"dstPath": "",
			"dstSubfolderSpec": "10",
			"files": [],
			"isa": "PBXCopyFilesBuildPhase",
			"runOnlyForDeploymentPostprocessing": "0"
		},
		"E4EB6923138AFD0F00A09F29": {
			"fileEncoding": "4",
			"isa": "PBXFileReference",
			"lastKnownFileType": "text.xcconfig",
			"path": "Project.xcconfig",
			"sourceTree": "<group>"
		},
		"F0DC8CB0-2242-4A8F-818D-1ADB9F42D2F3": {
			"fileEncoding": "4",
			"isa": "PBXFileReference",
			"name": "OscPrintReceivedElements.h",
			"path": "OscPrintReceivedElements.h",
			"sourceTree": "<group>"
		},
		"F3D31461-6C83-40D9-B719-4235D7392064": {
			"fileRef": "DF2C815B-BCE3-40F2-A372-EF973589B18B",
			"isa": "PBXBuildFile"
		},
		"F77A14B8-E024-4BDF-B563-2F6EA7885B92": {
			"fileEncoding": "4",
			"isa": "PBXFileReference",
			"name": "ofxOsc.h",
			"path": "ofxOsc.h",
			"sourceTree": "<group>"
		},
		"F9906C50-0C2E-450F-9DD0-ABC66DD9806A": {
			"fileEncoding": "4",
			"isa": "PBXFileReference",
			"name": "ofxOscArg.h",
			"path": "ofxOscArg.h",
			"sourceTree": "<group>"
		},
		"FAF361C2-7481-48CE-8D06-18E32F755225": {
			"fileEncoding": "4",
			"isa": "PBXFileReference",
			"name": "ofxOscSender.cpp",
			"path": "ofxOscSender.cpp",
			"sourceTree": "<group>"
		}
	},
	"rootObject": "E4B69B4C0A3A1720003C02F2"
}